
Microsoft Visual Studio Solution File, Format Version 11.00
# Visual Studio 2010
Project("{FAE04EC0-301F-11D3-BF4B-00C04F79EFBC}") = "SilverBullet", "SilverBullet.csproj", "{5252C316-1140-4CB8-AE76-F48803107049}"
EndProject
Project("{FAE04EC0-301F-11D3-BF4B-00C04F79EFBC}") = "Linnarsson.Dna", "..\DnaLib\Linnarsson.Dna.csproj", "{70EA71CD-073B-4195-B04F-36A7F6B1D4E7}"
EndProject
Project("{FAE04EC0-301F-11D3-BF4B-00C04F79EFBC}") = "Linnarsson.Mathematics", "..\MathLib\Linnarsson.Mathematics.csproj", "{CA6815A6-BA36-47A6-A177-FE6C44099FC2}"
EndProject
Project("{FAE04EC0-301F-11D3-BF4B-00C04F79EFBC}") = "Linnarsson.Utilities", "..\UtilitiesLib\Linnarsson.Utilities.csproj", "{EE3E20A0-525F-408B-96F7-44D586F8E0B9}"
EndProject
Project("{FAE04EC0-301F-11D3-BF4B-00C04F79EFBC}") = "SB", "..\SB\SB.csproj", "{245D8E98-517E-4847-A30D-880C0BE789C1}"
EndProject
Project("{FAE04EC0-301F-11D3-BF4B-00C04F79EFBC}") = "BkgFastQCopier", "..\BkgFastQCopier\BkgFastQCopier.csproj", "{4872C995-385F-494D-B395-A1A9E4D73681}"
EndProject
Project("{FAE04EC0-301F-11D3-BF4B-00C04F79EFBC}") = "Linnarsson.Strt", "..\Linnarsson.Strt\Linnarsson.Strt.csproj", "{426B865C-ED32-4ACD-BB8F-8101899AB14B}"
EndProject
Project("{FAE04EC0-301F-11D3-BF4B-00C04F79EFBC}") = "ProjectDBProcessor", "..\ProjectDBProcessor\ProjectDBProcessor.csproj", "{7FF34D63-671C-49BF-A20E-E3F0CD2CF965}"
EndProject
Project("{FAE04EC0-301F-11D3-BF4B-00C04F79EFBC}") = "BkgFastQMailer", "..\BkgFastQMailer\BkgFastQMailer.csproj", "{9C6BBD24-EFBD-4D02-A4C5-F94B080BD8FC}"
EndProject
Global
	GlobalSection(SourceCodeControl) = preSolution
		SccNumberOfProjects = 10
		SccProjectName0 = Perforce\u0020Project
		SccLocalPath0 = ..
		SccProvider0 = MSSCCI:Perforce\u0020SCM
		SccProjectFilePathRelativizedFromConnection0 = SilverBullet\\
		SccProjectUniqueName1 = ..\\DnaLib\\Linnarsson.Dna.csproj
		SccLocalPath1 = ..\\DnaLib
		SccProjectUniqueName2 = ..\\UtilitiesLib\\Linnarsson.Utilities.csproj
		SccLocalPath2 = ..\\UtilitiesLib
		SccProjectUniqueName3 = ..\\SB\\SB.csproj
		SccLocalPath3 = ..\\SB
		SccProjectUniqueName4 = SilverBullet.csproj
		SccLocalPath4 = .
		SccProjectUniqueName5 = ..\\MathLib\\Linnarsson.Mathematics.csproj
		SccLocalPath5 = ..\\MathLib
		SccProjectUniqueName6 = ..\\BkgFastQCopier\\BkgFastQCopier.csproj
		SccLocalPath6 = ..\\BkgFastQCopier
		SccProjectUniqueName7 = ..\\Linnarsson.Strt\\Linnarsson.Strt.csproj
		SccLocalPath7 = ..\\Linnarsson.Strt
		SccProjectUniqueName8 = ..\\ProjectDBProcessor\\ProjectDBProcessor.csproj
		SccLocalPath8 = ..\\ProjectDBProcessor
		SccProjectUniqueName9 = ..\\BkgFastQMailer\\BkgFastQMailer.csproj
		SccLocalPath9 = ..\\BkgFastQMailer
	EndGlobalSection
	GlobalSection(SolutionConfigurationPlatforms) = preSolution
		Debug|Any CPU = Debug|Any CPU
		Debug|Mixed Platforms = Debug|Mixed Platforms
		Debug|x86 = Debug|x86
		Release|Any CPU = Release|Any CPU
		Release|Mixed Platforms = Release|Mixed Platforms
		Release|x86 = Release|x86
		TestRelease|Any CPU = TestRelease|Any CPU
		TestRelease|Mixed Platforms = TestRelease|Mixed Platforms
		TestRelease|x86 = TestRelease|x86
	EndGlobalSection
	GlobalSection(ProjectConfigurationPlatforms) = postSolution
		{5252C316-1140-4CB8-AE76-F48803107049}.Debug|Any CPU.ActiveCfg = Debug|Any CPU
		{5252C316-1140-4CB8-AE76-F48803107049}.Debug|Any CPU.Build.0 = Debug|Any CPU
		{5252C316-1140-4CB8-AE76-F48803107049}.Debug|Mixed Platforms.ActiveCfg = Debug|Any CPU
		{5252C316-1140-4CB8-AE76-F48803107049}.Debug|Mixed Platforms.Build.0 = Debug|Any CPU
		{5252C316-1140-4CB8-AE76-F48803107049}.Debug|x86.ActiveCfg = Debug|Any CPU
		{5252C316-1140-4CB8-AE76-F48803107049}.Release|Any CPU.ActiveCfg = Release|Any CPU
		{5252C316-1140-4CB8-AE76-F48803107049}.Release|Any CPU.Build.0 = Release|Any CPU
		{5252C316-1140-4CB8-AE76-F48803107049}.Release|Mixed Platforms.ActiveCfg = Release|Any CPU
		{5252C316-1140-4CB8-AE76-F48803107049}.Release|Mixed Platforms.Build.0 = Release|Any CPU
		{5252C316-1140-4CB8-AE76-F48803107049}.Release|x86.ActiveCfg = Release|Any CPU
		{5252C316-1140-4CB8-AE76-F48803107049}.TestRelease|Any CPU.ActiveCfg = TestRelease|Any CPU
		{5252C316-1140-4CB8-AE76-F48803107049}.TestRelease|Any CPU.Build.0 = TestRelease|Any CPU
		{5252C316-1140-4CB8-AE76-F48803107049}.TestRelease|Mixed Platforms.ActiveCfg = TestRelease|Any CPU
		{5252C316-1140-4CB8-AE76-F48803107049}.TestRelease|Mixed Platforms.Build.0 = TestRelease|Any CPU
		{5252C316-1140-4CB8-AE76-F48803107049}.TestRelease|x86.ActiveCfg = TestRelease|Any CPU
		{70EA71CD-073B-4195-B04F-36A7F6B1D4E7}.Debug|Any CPU.ActiveCfg = Debug|Any CPU
		{70EA71CD-073B-4195-B04F-36A7F6B1D4E7}.Debug|Any CPU.Build.0 = Debug|Any CPU
		{70EA71CD-073B-4195-B04F-36A7F6B1D4E7}.Debug|Mixed Platforms.ActiveCfg = Debug|Any CPU
		{70EA71CD-073B-4195-B04F-36A7F6B1D4E7}.Debug|Mixed Platforms.Build.0 = Debug|Any CPU
		{70EA71CD-073B-4195-B04F-36A7F6B1D4E7}.Debug|x86.ActiveCfg = Debug|Any CPU
		{70EA71CD-073B-4195-B04F-36A7F6B1D4E7}.Release|Any CPU.ActiveCfg = Release|Any CPU
		{70EA71CD-073B-4195-B04F-36A7F6B1D4E7}.Release|Any CPU.Build.0 = Release|Any CPU
		{70EA71CD-073B-4195-B04F-36A7F6B1D4E7}.Release|Mixed Platforms.ActiveCfg = Release|Any CPU
		{70EA71CD-073B-4195-B04F-36A7F6B1D4E7}.Release|Mixed Platforms.Build.0 = Release|Any CPU
		{70EA71CD-073B-4195-B04F-36A7F6B1D4E7}.Release|x86.ActiveCfg = Release|Any CPU
		{70EA71CD-073B-4195-B04F-36A7F6B1D4E7}.TestRelease|Any CPU.ActiveCfg = TestRelease|Any CPU
		{70EA71CD-073B-4195-B04F-36A7F6B1D4E7}.TestRelease|Any CPU.Build.0 = TestRelease|Any CPU
		{70EA71CD-073B-4195-B04F-36A7F6B1D4E7}.TestRelease|Mixed Platforms.ActiveCfg = TestRelease|Any CPU
		{70EA71CD-073B-4195-B04F-36A7F6B1D4E7}.TestRelease|Mixed Platforms.Build.0 = TestRelease|Any CPU
		{70EA71CD-073B-4195-B04F-36A7F6B1D4E7}.TestRelease|x86.ActiveCfg = TestRelease|Any CPU
		{CA6815A6-BA36-47A6-A177-FE6C44099FC2}.Debug|Any CPU.ActiveCfg = Debug|Any CPU
		{CA6815A6-BA36-47A6-A177-FE6C44099FC2}.Debug|Any CPU.Build.0 = Debug|Any CPU
		{CA6815A6-BA36-47A6-A177-FE6C44099FC2}.Debug|Mixed Platforms.ActiveCfg = Debug|Any CPU
		{CA6815A6-BA36-47A6-A177-FE6C44099FC2}.Debug|Mixed Platforms.Build.0 = Debug|Any CPU
		{CA6815A6-BA36-47A6-A177-FE6C44099FC2}.Debug|x86.ActiveCfg = Debug|Any CPU
		{CA6815A6-BA36-47A6-A177-FE6C44099FC2}.Release|Any CPU.ActiveCfg = Release|Any CPU
		{CA6815A6-BA36-47A6-A177-FE6C44099FC2}.Release|Any CPU.Build.0 = Release|Any CPU
		{CA6815A6-BA36-47A6-A177-FE6C44099FC2}.Release|Mixed Platforms.ActiveCfg = Release|Any CPU
		{CA6815A6-BA36-47A6-A177-FE6C44099FC2}.Release|Mixed Platforms.Build.0 = Release|Any CPU
		{CA6815A6-BA36-47A6-A177-FE6C44099FC2}.Release|x86.ActiveCfg = Release|Any CPU
		{CA6815A6-BA36-47A6-A177-FE6C44099FC2}.TestRelease|Any CPU.ActiveCfg = TestRelease|Any CPU
		{CA6815A6-BA36-47A6-A177-FE6C44099FC2}.TestRelease|Any CPU.Build.0 = TestRelease|Any CPU
		{CA6815A6-BA36-47A6-A177-FE6C44099FC2}.TestRelease|Mixed Platforms.ActiveCfg = TestRelease|Any CPU
		{CA6815A6-BA36-47A6-A177-FE6C44099FC2}.TestRelease|Mixed Platforms.Build.0 = TestRelease|Any CPU
		{CA6815A6-BA36-47A6-A177-FE6C44099FC2}.TestRelease|x86.ActiveCfg = TestRelease|Any CPU
		{EE3E20A0-525F-408B-96F7-44D586F8E0B9}.Debug|Any CPU.ActiveCfg = Debug|Any CPU
		{EE3E20A0-525F-408B-96F7-44D586F8E0B9}.Debug|Any CPU.Build.0 = Debug|Any CPU
		{EE3E20A0-525F-408B-96F7-44D586F8E0B9}.Debug|Mixed Platforms.ActiveCfg = Debug|Any CPU
		{EE3E20A0-525F-408B-96F7-44D586F8E0B9}.Debug|Mixed Platforms.Build.0 = Debug|Any CPU
		{EE3E20A0-525F-408B-96F7-44D586F8E0B9}.Debug|x86.ActiveCfg = Debug|Any CPU
		{EE3E20A0-525F-408B-96F7-44D586F8E0B9}.Release|Any CPU.ActiveCfg = Release|Any CPU
		{EE3E20A0-525F-408B-96F7-44D586F8E0B9}.Release|Any CPU.Build.0 = Release|Any CPU
		{EE3E20A0-525F-408B-96F7-44D586F8E0B9}.Release|Mixed Platforms.ActiveCfg = Release|Any CPU
		{EE3E20A0-525F-408B-96F7-44D586F8E0B9}.Release|Mixed Platforms.Build.0 = Release|Any CPU
		{EE3E20A0-525F-408B-96F7-44D586F8E0B9}.Release|x86.ActiveCfg = Release|Any CPU
		{EE3E20A0-525F-408B-96F7-44D586F8E0B9}.TestRelease|Any CPU.ActiveCfg = TestRelease|Any CPU
		{EE3E20A0-525F-408B-96F7-44D586F8E0B9}.TestRelease|Any CPU.Build.0 = TestRelease|Any CPU
		{EE3E20A0-525F-408B-96F7-44D586F8E0B9}.TestRelease|Mixed Platforms.ActiveCfg = TestRelease|Any CPU
		{EE3E20A0-525F-408B-96F7-44D586F8E0B9}.TestRelease|Mixed Platforms.Build.0 = TestRelease|Any CPU
		{EE3E20A0-525F-408B-96F7-44D586F8E0B9}.TestRelease|x86.ActiveCfg = TestRelease|Any CPU
		{245D8E98-517E-4847-A30D-880C0BE789C1}.Debug|Any CPU.ActiveCfg = Debug|Any CPU
		{245D8E98-517E-4847-A30D-880C0BE789C1}.Debug|Any CPU.Build.0 = Debug|Any CPU
		{245D8E98-517E-4847-A30D-880C0BE789C1}.Debug|Mixed Platforms.ActiveCfg = Debug|Any CPU
		{245D8E98-517E-4847-A30D-880C0BE789C1}.Debug|Mixed Platforms.Build.0 = Debug|Any CPU
		{245D8E98-517E-4847-A30D-880C0BE789C1}.Debug|x86.ActiveCfg = Debug|Any CPU
		{245D8E98-517E-4847-A30D-880C0BE789C1}.Release|Any CPU.ActiveCfg = Release|Any CPU
		{245D8E98-517E-4847-A30D-880C0BE789C1}.Release|Any CPU.Build.0 = Release|Any CPU
		{245D8E98-517E-4847-A30D-880C0BE789C1}.Release|Mixed Platforms.ActiveCfg = Release|Any CPU
		{245D8E98-517E-4847-A30D-880C0BE789C1}.Release|Mixed Platforms.Build.0 = Release|Any CPU
		{245D8E98-517E-4847-A30D-880C0BE789C1}.Release|x86.ActiveCfg = Release|Any CPU
		{245D8E98-517E-4847-A30D-880C0BE789C1}.TestRelease|Any CPU.ActiveCfg = Release|Any CPU
		{245D8E98-517E-4847-A30D-880C0BE789C1}.TestRelease|Any CPU.Build.0 = Release|Any CPU
		{245D8E98-517E-4847-A30D-880C0BE789C1}.TestRelease|Mixed Platforms.ActiveCfg = Release|Any CPU
		{245D8E98-517E-4847-A30D-880C0BE789C1}.TestRelease|Mixed Platforms.Build.0 = Release|Any CPU
		{245D8E98-517E-4847-A30D-880C0BE789C1}.TestRelease|x86.ActiveCfg = Release|Any CPU
		{4872C995-385F-494D-B395-A1A9E4D73681}.Debug|Any CPU.ActiveCfg = Debug|x86
		{4872C995-385F-494D-B395-A1A9E4D73681}.Debug|Mixed Platforms.ActiveCfg = Debug|x86
		{4872C995-385F-494D-B395-A1A9E4D73681}.Debug|Mixed Platforms.Build.0 = Debug|x86
		{4872C995-385F-494D-B395-A1A9E4D73681}.Debug|x86.ActiveCfg = Debug|x86
		{4872C995-385F-494D-B395-A1A9E4D73681}.Debug|x86.Build.0 = Debug|x86
		{4872C995-385F-494D-B395-A1A9E4D73681}.Release|Any CPU.ActiveCfg = Release|x86
		{4872C995-385F-494D-B395-A1A9E4D73681}.Release|Mixed Platforms.ActiveCfg = Release|x86
		{4872C995-385F-494D-B395-A1A9E4D73681}.Release|Mixed Platforms.Build.0 = Release|x86
		{4872C995-385F-494D-B395-A1A9E4D73681}.Release|x86.ActiveCfg = Release|x86
		{4872C995-385F-494D-B395-A1A9E4D73681}.Release|x86.Build.0 = Release|x86
		{4872C995-385F-494D-B395-A1A9E4D73681}.TestRelease|Any CPU.ActiveCfg = Release|x86
		{4872C995-385F-494D-B395-A1A9E4D73681}.TestRelease|Mixed Platforms.ActiveCfg = Release|x86
		{4872C995-385F-494D-B395-A1A9E4D73681}.TestRelease|Mixed Platforms.Build.0 = Release|x86
		{4872C995-385F-494D-B395-A1A9E4D73681}.TestRelease|x86.ActiveCfg = Release|x86
		{4872C995-385F-494D-B395-A1A9E4D73681}.TestRelease|x86.Build.0 = Release|x86
		{426B865C-ED32-4ACD-BB8F-8101899AB14B}.Debug|Any CPU.ActiveCfg = Debug|Any CPU
		{426B865C-ED32-4ACD-BB8F-8101899AB14B}.Debug|Any CPU.Build.0 = Debug|Any CPU
		{426B865C-ED32-4ACD-BB8F-8101899AB14B}.Debug|Mixed Platforms.ActiveCfg = Debug|Any CPU
		{426B865C-ED32-4ACD-BB8F-8101899AB14B}.Debug|Mixed Platforms.Build.0 = Debug|Any CPU
		{426B865C-ED32-4ACD-BB8F-8101899AB14B}.Debug|x86.ActiveCfg = Debug|Any CPU
		{426B865C-ED32-4ACD-BB8F-8101899AB14B}.Release|Any CPU.ActiveCfg = Release|Any CPU
		{426B865C-ED32-4ACD-BB8F-8101899AB14B}.Release|Any CPU.Build.0 = Release|Any CPU
		{426B865C-ED32-4ACD-BB8F-8101899AB14B}.Release|Mixed Platforms.ActiveCfg = Release|Any CPU
		{426B865C-ED32-4ACD-BB8F-8101899AB14B}.Release|Mixed Platforms.Build.0 = Release|Any CPU
		{426B865C-ED32-4ACD-BB8F-8101899AB14B}.Release|x86.ActiveCfg = Release|Any CPU
		{426B865C-ED32-4ACD-BB8F-8101899AB14B}.TestRelease|Any CPU.ActiveCfg = Release|Any CPU
		{426B865C-ED32-4ACD-BB8F-8101899AB14B}.TestRelease|Any CPU.Build.0 = Release|Any CPU
		{426B865C-ED32-4ACD-BB8F-8101899AB14B}.TestRelease|Mixed Platforms.ActiveCfg = Release|Any CPU
		{426B865C-ED32-4ACD-BB8F-8101899AB14B}.TestRelease|Mixed Platforms.Build.0 = Release|Any CPU
		{426B865C-ED32-4ACD-BB8F-8101899AB14B}.TestRelease|x86.ActiveCfg = Release|Any CPU
		{7FF34D63-671C-49BF-A20E-E3F0CD2CF965}.Debug|Any CPU.ActiveCfg = Debug|x86
		{7FF34D63-671C-49BF-A20E-E3F0CD2CF965}.Debug|Mixed Platforms.ActiveCfg = Debug|x86
		{7FF34D63-671C-49BF-A20E-E3F0CD2CF965}.Debug|Mixed Platforms.Build.0 = Debug|x86
		{7FF34D63-671C-49BF-A20E-E3F0CD2CF965}.Debug|x86.ActiveCfg = Debug|x86
		{7FF34D63-671C-49BF-A20E-E3F0CD2CF965}.Debug|x86.Build.0 = Debug|x86
		{7FF34D63-671C-49BF-A20E-E3F0CD2CF965}.Release|Any CPU.ActiveCfg = Release|x86
		{7FF34D63-671C-49BF-A20E-E3F0CD2CF965}.Release|Mixed Platforms.ActiveCfg = Release|x86
		{7FF34D63-671C-49BF-A20E-E3F0CD2CF965}.Release|Mixed Platforms.Build.0 = Release|x86
		{7FF34D63-671C-49BF-A20E-E3F0CD2CF965}.Release|x86.ActiveCfg = Release|x86
		{7FF34D63-671C-49BF-A20E-E3F0CD2CF965}.Release|x86.Build.0 = Release|x86
		{7FF34D63-671C-49BF-A20E-E3F0CD2CF965}.TestRelease|Any CPU.ActiveCfg = Release|x86
		{7FF34D63-671C-49BF-A20E-E3F0CD2CF965}.TestRelease|Mixed Platforms.ActiveCfg = Release|x86
		{7FF34D63-671C-49BF-A20E-E3F0CD2CF965}.TestRelease|Mixed Platforms.Build.0 = Release|x86
		{7FF34D63-671C-49BF-A20E-E3F0CD2CF965}.TestRelease|x86.ActiveCfg = Release|x86
		{7FF34D63-671C-49BF-A20E-E3F0CD2CF965}.TestRelease|x86.Build.0 = Release|x86
		{9C6BBD24-EFBD-4D02-A4C5-F94B080BD8FC}.Debug|Any CPU.ActiveCfg = Debug|x86
		{9C6BBD24-EFBD-4D02-A4C5-F94B080BD8FC}.Debug|Mixed Platforms.ActiveCfg = Debug|x86
		{9C6BBD24-EFBD-4D02-A4C5-F94B080BD8FC}.Debug|Mixed Platforms.Build.0 = Debug|x86
		{9C6BBD24-EFBD-4D02-A4C5-F94B080BD8FC}.Debug|x86.ActiveCfg = Debug|x86
		{9C6BBD24-EFBD-4D02-A4C5-F94B080BD8FC}.Debug|x86.Build.0 = Debug|x86
		{9C6BBD24-EFBD-4D02-A4C5-F94B080BD8FC}.Release|Any CPU.ActiveCfg = Release|x86
		{9C6BBD24-EFBD-4D02-A4C5-F94B080BD8FC}.Release|Mixed Platforms.ActiveCfg = Release|x86
		{9C6BBD24-EFBD-4D02-A4C5-F94B080BD8FC}.Release|Mixed Platforms.Build.0 = Release|x86
		{9C6BBD24-EFBD-4D02-A4C5-F94B080BD8FC}.Release|x86.ActiveCfg = Release|x86
		{9C6BBD24-EFBD-4D02-A4C5-F94B080BD8FC}.Release|x86.Build.0 = Release|x86
		{9C6BBD24-EFBD-4D02-A4C5-F94B080BD8FC}.TestRelease|Any CPU.ActiveCfg = Release|x86
		{9C6BBD24-EFBD-4D02-A4C5-F94B080BD8FC}.TestRelease|Mixed Platforms.ActiveCfg = Release|x86
		{9C6BBD24-EFBD-4D02-A4C5-F94B080BD8FC}.TestRelease|Mixed Platforms.Build.0 = Release|x86
		{9C6BBD24-EFBD-4D02-A4C5-F94B080BD8FC}.TestRelease|x86.ActiveCfg = Release|x86
		{9C6BBD24-EFBD-4D02-A4C5-F94B080BD8FC}.TestRelease|x86.Build.0 = Release|x86
	EndGlobalSection
	GlobalSection(SolutionProperties) = preSolution
		HideSolutionNode = FALSE
	EndGlobalSection
EndGlobal
