
Microsoft Visual Studio Solution File, Format Version 11.00
# Visual Studio 2010
Project("{FAE04EC0-301F-11D3-BF4B-00C04F79EFBC}") = "SilverBullet", "SilverBullet.csproj", "{5252C316-1140-4CB8-AE76-F48803107049}"
EndProject
Project("{FAE04EC0-301F-11D3-BF4B-00C04F79EFBC}") = "Linnarsson.Dna", "..\DnaLib\Linnarsson.Dna.csproj", "{70EA71CD-073B-4195-B04F-36A7F6B1D4E7}"
EndProject
Project("{FAE04EC0-301F-11D3-BF4B-00C04F79EFBC}") = "Linnarsson.Mathematics", "..\MathLib\Linnarsson.Mathematics.csproj", "{CA6815A6-BA36-47A6-A177-FE6C44099FC2}"
EndProject
Project("{FAE04EC0-301F-11D3-BF4B-00C04F79EFBC}") = "Linnarsson.Utilities", "..\UtilitiesLib\Linnarsson.Utilities.csproj", "{EE3E20A0-525F-408B-96F7-44D586F8E0B9}"
EndProject
Project("{FAE04EC0-301F-11D3-BF4B-00C04F79EFBC}") = "SB", "..\SB\SB.csproj", "{245D8E98-517E-4847-A30D-880C0BE789C1}"
EndProject
Project("{FAE04EC0-301F-11D3-BF4B-00C04F79EFBC}") = "BkgFastQCopier", "..\BkgFastQCopier\BkgFastQCopier.csproj", "{4872C995-385F-494D-B395-A1A9E4D73681}"
EndProject
Project("{FAE04EC0-301F-11D3-BF4B-00C04F79EFBC}") = "Linnarsson.Strt", "..\Linnarsson.Strt\Linnarsson.Strt.csproj", "{426B865C-ED32-4ACD-BB8F-8101899AB14B}"
EndProject
Project("{FAE04EC0-301F-11D3-BF4B-00C04F79EFBC}") = "ProjectDBProcessor", "..\ProjectDBProcessor\ProjectDBProcessor.csproj", "{7FF34D63-671C-49BF-A20E-E3F0CD2CF965}"
EndProject
Project("{FAE04EC0-301F-11D3-BF4B-00C04F79EFBC}") = "BkgFastQMailer", "..\BkgFastQMailer\BkgFastQMailer.csproj", "{9C6BBD24-EFBD-4D02-A4C5-F94B080BD8FC}"
EndProject
Project("{FAE04EC0-301F-11D3-BF4B-00C04F79EFBC}") = "BkgBackuper", "..\BkgBackuper\BkgBackuper.csproj", "{65D5A557-6C2A-4B3E-9D28-59FF119453FA}"
EndProject
Project("{FAE04EC0-301F-11D3-BF4B-00C04F79EFBC}") = "C1Copier", "..\C1Copier\C1Copier.csproj", "{8EFE6CAC-AE6F-4EAF-AFE2-6FBBA9D1C030}"
EndProject
Project("{FAE04EC0-301F-11D3-BF4B-00C04F79EFBC}") = "Linnarsson.C1Model", "C1\Linnarsson.C1Model.csproj", "{3A772E57-EC5B-4A18-B2CD-A9F9812C22FA}"
EndProject
Project("{FAE04EC0-301F-11D3-BF4B-00C04F79EFBC}") = "C1FeatureLoader", "..\C1FeatureLoader\C1FeatureLoader.csproj", "{09BEC673-7F68-4F50-9CFB-F8C284A67D4B}"
EndProject
Project("{FAE04EC0-301F-11D3-BF4B-00C04F79EFBC}") = "Map2Pclu", "..\Map2Bed\Map2Pclu.csproj", "{80A2570C-B629-4E4E-BE13-2CAE130305B8}"
EndProject
Project("{FAE04EC0-301F-11D3-BF4B-00C04F79EFBC}") = "PeakAnnotator", "..\PeakAnnotator\PeakAnnotator.csproj", "{57F708C2-B7A8-4BD5-9130-966FA0C752D0}"
EndProject
Project("{FAE04EC0-301F-11D3-BF4B-00C04F79EFBC}") = "C1AnnotationLoader", "..\C1AnnotationLoader\C1AnnotationLoader.csproj", "{CA4F69E0-3DFF-46EB-B5D2-71DDE5838D2E}"
EndProject
Project("{FAE04EC0-301F-11D3-BF4B-00C04F79EFBC}") = "UpdateSampleAnnotations", "..\UpdateSampleAnnotations\UpdateSampleAnnotations.csproj", "{CA8A81BA-1176-49B4-A57D-75A4D8077ED1}"
EndProject
Project("{FAE04EC0-301F-11D3-BF4B-00C04F79EFBC}") = "FilterMapFilesXBarcodes", "..\FilterMapFilesXBarcodes\FilterMapFilesXBarcodes.csproj", "{A9029BB6-4F9C-4B5F-ACD1-EDC158066EB3}"
EndProject
Project("{FAE04EC0-301F-11D3-BF4B-00C04F79EFBC}") = "C1FillExprBlobs", "C1FillExprBlobs\C1FillExprBlobs.csproj", "{AD10DA40-214E-4F28-BA9D-B3011476D0B2}"
EndProject
Project("{FAE04EC0-301F-11D3-BF4B-00C04F79EFBC}") = "Bc2BcLeakageAnalyzer", "..\Bc2BcLeakageAnalyzer\Bc2BcLeakageAnalyzer.csproj", "{37B0C6FE-CCF3-4630-8835-2FDDF6F5AB5F}"
EndProject
Global
	GlobalSection(SourceCodeControl) = preSolution
		SccNumberOfProjects = 21
		SccProjectName0 = Perforce\u0020Project
		SccLocalPath0 = ..
		SccProvider0 = MSSCCI:Perforce\u0020SCM
		SccProjectFilePathRelativizedFromConnection0 = SilverBullet\\
		SccProjectUniqueName1 = ..\\DnaLib\\Linnarsson.Dna.csproj
		SccLocalPath1 = ..
		SccProjectFilePathRelativizedFromConnection1 = DnaLib\\
		SccProjectUniqueName2 = ..\\UtilitiesLib\\Linnarsson.Utilities.csproj
		SccLocalPath2 = ..
		SccProjectFilePathRelativizedFromConnection2 = UtilitiesLib\\
		SccProjectUniqueName3 = ..\\SB\\SB.csproj
		SccLocalPath3 = ..
		SccProjectFilePathRelativizedFromConnection3 = SB\\
		SccProjectUniqueName4 = SilverBullet.csproj
		SccLocalPath4 = ..
		SccProjectFilePathRelativizedFromConnection4 = SilverBullet\\
		SccProjectUniqueName5 = ..\\MathLib\\Linnarsson.Mathematics.csproj
		SccLocalPath5 = ..
		SccProjectFilePathRelativizedFromConnection5 = MathLib\\
		SccProjectUniqueName6 = ..\\BkgFastQCopier\\BkgFastQCopier.csproj
		SccLocalPath6 = ..
		SccProjectFilePathRelativizedFromConnection6 = BkgFastQCopier\\
		SccProjectUniqueName7 = ..\\Linnarsson.Strt\\Linnarsson.Strt.csproj
		SccLocalPath7 = ..
		SccProjectFilePathRelativizedFromConnection7 = Linnarsson.Strt\\
		SccProjectUniqueName8 = ..\\ProjectDBProcessor\\ProjectDBProcessor.csproj
		SccLocalPath8 = ..
		SccProjectFilePathRelativizedFromConnection8 = ProjectDBProcessor\\
		SccProjectUniqueName9 = ..\\BkgFastQMailer\\BkgFastQMailer.csproj
		SccLocalPath9 = ..
		SccProjectFilePathRelativizedFromConnection9 = BkgFastQMailer\\
		SccProjectUniqueName10 = ..\\BkgBackuper\\BkgBackuper.csproj
		SccLocalPath10 = ..
		SccProjectFilePathRelativizedFromConnection10 = BkgBackuper\\
		SccProjectUniqueName11 = ..\\C1Copier\\C1Copier.csproj
		SccLocalPath11 = ..
		SccProjectFilePathRelativizedFromConnection11 = C1Copier\\
		SccProjectUniqueName12 = C1\\Linnarsson.C1Model.csproj
		SccLocalPath12 = ..
		SccProjectFilePathRelativizedFromConnection12 = SilverBullet\\C1\\
		SccProjectUniqueName13 = ..\\C1FeatureLoader\\C1FeatureLoader.csproj
		SccLocalPath13 = ..
		SccProjectFilePathRelativizedFromConnection13 = C1FeatureLoader\\
		SccProjectUniqueName14 = ..\\PeakAnnotator\\PeakAnnotator.csproj
		SccLocalPath14 = ..
		SccProjectFilePathRelativizedFromConnection14 = PeakAnnotator\\
		SccProjectUniqueName15 = ..\\Map2Bed\\Map2Pclu.csproj
		SccLocalPath15 = ..
		SccProjectFilePathRelativizedFromConnection15 = Map2Bed\\
		SccProjectUniqueName16 = ..\\C1AnnotationLoader\\C1AnnotationLoader.csproj
		SccLocalPath16 = ..
		SccProjectFilePathRelativizedFromConnection16 = C1AnnotationLoader\\
		SccProjectUniqueName17 = ..\\UpdateSampleAnnotations\\UpdateSampleAnnotations.csproj
		SccLocalPath17 = ..
		SccProjectFilePathRelativizedFromConnection17 = UpdateSampleAnnotations\\
		SccProjectUniqueName18 = ..\\FilterMapFilesXBarcodes\\FilterMapFilesXBarcodes.csproj
		SccLocalPath18 = ..
		SccProjectFilePathRelativizedFromConnection18 = FilterMapFilesXBarcodes\\
		SccProjectUniqueName19 = C1FillExprBlobs\\C1FillExprBlobs.csproj
		SccLocalPath19 = ..
		SccProjectFilePathRelativizedFromConnection19 = SilverBullet\\C1FillExprBlobs\\
		SccProjectUniqueName20 = ..\\Bc2BcLeakageAnalyzer\\Bc2BcLeakageAnalyzer.csproj
		SccLocalPath20 = ..
		SccProjectFilePathRelativizedFromConnection20 = Bc2BcLeakageAnalyzer\\
	EndGlobalSection
	GlobalSection(SolutionConfigurationPlatforms) = preSolution
		Debug|Any CPU = Debug|Any CPU
		Debug|Mixed Platforms = Debug|Mixed Platforms
		Debug|x86 = Debug|x86
		Release|Any CPU = Release|Any CPU
		Release|Mixed Platforms = Release|Mixed Platforms
		Release|x86 = Release|x86
		TestRelease|Any CPU = TestRelease|Any CPU
		TestRelease|Mixed Platforms = TestRelease|Mixed Platforms
		TestRelease|x86 = TestRelease|x86
	EndGlobalSection
	GlobalSection(ProjectConfigurationPlatforms) = postSolution
		{5252C316-1140-4CB8-AE76-F48803107049}.Debug|Any CPU.ActiveCfg = Debug|Any CPU
		{5252C316-1140-4CB8-AE76-F48803107049}.Debug|Any CPU.Build.0 = Debug|Any CPU
		{5252C316-1140-4CB8-AE76-F48803107049}.Debug|Mixed Platforms.ActiveCfg = Debug|Any CPU
		{5252C316-1140-4CB8-AE76-F48803107049}.Debug|Mixed Platforms.Build.0 = Debug|Any CPU
		{5252C316-1140-4CB8-AE76-F48803107049}.Debug|x86.ActiveCfg = Debug|Any CPU
		{5252C316-1140-4CB8-AE76-F48803107049}.Release|Any CPU.ActiveCfg = Release|Any CPU
		{5252C316-1140-4CB8-AE76-F48803107049}.Release|Any CPU.Build.0 = Release|Any CPU
		{5252C316-1140-4CB8-AE76-F48803107049}.Release|Mixed Platforms.ActiveCfg = Release|Any CPU
		{5252C316-1140-4CB8-AE76-F48803107049}.Release|Mixed Platforms.Build.0 = Release|Any CPU
		{5252C316-1140-4CB8-AE76-F48803107049}.Release|x86.ActiveCfg = Release|Any CPU
		{5252C316-1140-4CB8-AE76-F48803107049}.TestRelease|Any CPU.ActiveCfg = TestRelease|Any CPU
		{5252C316-1140-4CB8-AE76-F48803107049}.TestRelease|Any CPU.Build.0 = TestRelease|Any CPU
		{5252C316-1140-4CB8-AE76-F48803107049}.TestRelease|Mixed Platforms.ActiveCfg = TestRelease|Any CPU
		{5252C316-1140-4CB8-AE76-F48803107049}.TestRelease|Mixed Platforms.Build.0 = TestRelease|Any CPU
		{5252C316-1140-4CB8-AE76-F48803107049}.TestRelease|x86.ActiveCfg = TestRelease|Any CPU
		{70EA71CD-073B-4195-B04F-36A7F6B1D4E7}.Debug|Any CPU.ActiveCfg = Debug|Any CPU
		{70EA71CD-073B-4195-B04F-36A7F6B1D4E7}.Debug|Any CPU.Build.0 = Debug|Any CPU
		{70EA71CD-073B-4195-B04F-36A7F6B1D4E7}.Debug|Mixed Platforms.ActiveCfg = Debug|Any CPU
		{70EA71CD-073B-4195-B04F-36A7F6B1D4E7}.Debug|Mixed Platforms.Build.0 = Debug|Any CPU
		{70EA71CD-073B-4195-B04F-36A7F6B1D4E7}.Debug|x86.ActiveCfg = Debug|Any CPU
		{70EA71CD-073B-4195-B04F-36A7F6B1D4E7}.Release|Any CPU.ActiveCfg = Release|Any CPU
		{70EA71CD-073B-4195-B04F-36A7F6B1D4E7}.Release|Any CPU.Build.0 = Release|Any CPU
		{70EA71CD-073B-4195-B04F-36A7F6B1D4E7}.Release|Mixed Platforms.ActiveCfg = Release|Any CPU
		{70EA71CD-073B-4195-B04F-36A7F6B1D4E7}.Release|Mixed Platforms.Build.0 = Release|Any CPU
		{70EA71CD-073B-4195-B04F-36A7F6B1D4E7}.Release|x86.ActiveCfg = Release|Any CPU
		{70EA71CD-073B-4195-B04F-36A7F6B1D4E7}.TestRelease|Any CPU.ActiveCfg = TestRelease|Any CPU
		{70EA71CD-073B-4195-B04F-36A7F6B1D4E7}.TestRelease|Any CPU.Build.0 = TestRelease|Any CPU
		{70EA71CD-073B-4195-B04F-36A7F6B1D4E7}.TestRelease|Mixed Platforms.ActiveCfg = TestRelease|Any CPU
		{70EA71CD-073B-4195-B04F-36A7F6B1D4E7}.TestRelease|Mixed Platforms.Build.0 = TestRelease|Any CPU
		{70EA71CD-073B-4195-B04F-36A7F6B1D4E7}.TestRelease|x86.ActiveCfg = TestRelease|Any CPU
		{CA6815A6-BA36-47A6-A177-FE6C44099FC2}.Debug|Any CPU.ActiveCfg = Debug|Any CPU
		{CA6815A6-BA36-47A6-A177-FE6C44099FC2}.Debug|Any CPU.Build.0 = Debug|Any CPU
		{CA6815A6-BA36-47A6-A177-FE6C44099FC2}.Debug|Mixed Platforms.ActiveCfg = Debug|Any CPU
		{CA6815A6-BA36-47A6-A177-FE6C44099FC2}.Debug|Mixed Platforms.Build.0 = Debug|Any CPU
		{CA6815A6-BA36-47A6-A177-FE6C44099FC2}.Debug|x86.ActiveCfg = Debug|Any CPU
		{CA6815A6-BA36-47A6-A177-FE6C44099FC2}.Release|Any CPU.ActiveCfg = Release|Any CPU
		{CA6815A6-BA36-47A6-A177-FE6C44099FC2}.Release|Any CPU.Build.0 = Release|Any CPU
		{CA6815A6-BA36-47A6-A177-FE6C44099FC2}.Release|Mixed Platforms.ActiveCfg = Release|Any CPU
		{CA6815A6-BA36-47A6-A177-FE6C44099FC2}.Release|Mixed Platforms.Build.0 = Release|Any CPU
		{CA6815A6-BA36-47A6-A177-FE6C44099FC2}.Release|x86.ActiveCfg = Release|Any CPU
		{CA6815A6-BA36-47A6-A177-FE6C44099FC2}.TestRelease|Any CPU.ActiveCfg = TestRelease|Any CPU
		{CA6815A6-BA36-47A6-A177-FE6C44099FC2}.TestRelease|Any CPU.Build.0 = TestRelease|Any CPU
		{CA6815A6-BA36-47A6-A177-FE6C44099FC2}.TestRelease|Mixed Platforms.ActiveCfg = TestRelease|Any CPU
		{CA6815A6-BA36-47A6-A177-FE6C44099FC2}.TestRelease|Mixed Platforms.Build.0 = TestRelease|Any CPU
		{CA6815A6-BA36-47A6-A177-FE6C44099FC2}.TestRelease|x86.ActiveCfg = TestRelease|Any CPU
		{EE3E20A0-525F-408B-96F7-44D586F8E0B9}.Debug|Any CPU.ActiveCfg = Debug|Any CPU
		{EE3E20A0-525F-408B-96F7-44D586F8E0B9}.Debug|Any CPU.Build.0 = Debug|Any CPU
		{EE3E20A0-525F-408B-96F7-44D586F8E0B9}.Debug|Mixed Platforms.ActiveCfg = Debug|Any CPU
		{EE3E20A0-525F-408B-96F7-44D586F8E0B9}.Debug|Mixed Platforms.Build.0 = Debug|Any CPU
		{EE3E20A0-525F-408B-96F7-44D586F8E0B9}.Debug|x86.ActiveCfg = Debug|Any CPU
		{EE3E20A0-525F-408B-96F7-44D586F8E0B9}.Release|Any CPU.ActiveCfg = Release|Any CPU
		{EE3E20A0-525F-408B-96F7-44D586F8E0B9}.Release|Any CPU.Build.0 = Release|Any CPU
		{EE3E20A0-525F-408B-96F7-44D586F8E0B9}.Release|Mixed Platforms.ActiveCfg = Release|Any CPU
		{EE3E20A0-525F-408B-96F7-44D586F8E0B9}.Release|Mixed Platforms.Build.0 = Release|Any CPU
		{EE3E20A0-525F-408B-96F7-44D586F8E0B9}.Release|x86.ActiveCfg = Release|Any CPU
		{EE3E20A0-525F-408B-96F7-44D586F8E0B9}.TestRelease|Any CPU.ActiveCfg = TestRelease|Any CPU
		{EE3E20A0-525F-408B-96F7-44D586F8E0B9}.TestRelease|Any CPU.Build.0 = TestRelease|Any CPU
		{EE3E20A0-525F-408B-96F7-44D586F8E0B9}.TestRelease|Mixed Platforms.ActiveCfg = TestRelease|Any CPU
		{EE3E20A0-525F-408B-96F7-44D586F8E0B9}.TestRelease|Mixed Platforms.Build.0 = TestRelease|Any CPU
		{EE3E20A0-525F-408B-96F7-44D586F8E0B9}.TestRelease|x86.ActiveCfg = TestRelease|Any CPU
		{245D8E98-517E-4847-A30D-880C0BE789C1}.Debug|Any CPU.ActiveCfg = Debug|Any CPU
		{245D8E98-517E-4847-A30D-880C0BE789C1}.Debug|Any CPU.Build.0 = Debug|Any CPU
		{245D8E98-517E-4847-A30D-880C0BE789C1}.Debug|Mixed Platforms.ActiveCfg = Debug|Any CPU
		{245D8E98-517E-4847-A30D-880C0BE789C1}.Debug|Mixed Platforms.Build.0 = Debug|Any CPU
		{245D8E98-517E-4847-A30D-880C0BE789C1}.Debug|x86.ActiveCfg = Debug|Any CPU
		{245D8E98-517E-4847-A30D-880C0BE789C1}.Release|Any CPU.ActiveCfg = Release|Any CPU
		{245D8E98-517E-4847-A30D-880C0BE789C1}.Release|Any CPU.Build.0 = Release|Any CPU
		{245D8E98-517E-4847-A30D-880C0BE789C1}.Release|Mixed Platforms.ActiveCfg = Release|Any CPU
		{245D8E98-517E-4847-A30D-880C0BE789C1}.Release|Mixed Platforms.Build.0 = Release|Any CPU
		{245D8E98-517E-4847-A30D-880C0BE789C1}.Release|x86.ActiveCfg = Release|Any CPU
		{245D8E98-517E-4847-A30D-880C0BE789C1}.TestRelease|Any CPU.ActiveCfg = Release|Any CPU
		{245D8E98-517E-4847-A30D-880C0BE789C1}.TestRelease|Any CPU.Build.0 = Release|Any CPU
		{245D8E98-517E-4847-A30D-880C0BE789C1}.TestRelease|Mixed Platforms.ActiveCfg = Release|Any CPU
		{245D8E98-517E-4847-A30D-880C0BE789C1}.TestRelease|Mixed Platforms.Build.0 = Release|Any CPU
		{245D8E98-517E-4847-A30D-880C0BE789C1}.TestRelease|x86.ActiveCfg = Release|Any CPU
		{4872C995-385F-494D-B395-A1A9E4D73681}.Debug|Any CPU.ActiveCfg = Debug|x86
		{4872C995-385F-494D-B395-A1A9E4D73681}.Debug|Mixed Platforms.ActiveCfg = Debug|x86
		{4872C995-385F-494D-B395-A1A9E4D73681}.Debug|Mixed Platforms.Build.0 = Debug|x86
		{4872C995-385F-494D-B395-A1A9E4D73681}.Debug|x86.ActiveCfg = Debug|x86
		{4872C995-385F-494D-B395-A1A9E4D73681}.Debug|x86.Build.0 = Debug|x86
		{4872C995-385F-494D-B395-A1A9E4D73681}.Release|Any CPU.ActiveCfg = Release|x86
		{4872C995-385F-494D-B395-A1A9E4D73681}.Release|Mixed Platforms.ActiveCfg = Release|x86
		{4872C995-385F-494D-B395-A1A9E4D73681}.Release|Mixed Platforms.Build.0 = Release|x86
		{4872C995-385F-494D-B395-A1A9E4D73681}.Release|x86.ActiveCfg = Release|x86
		{4872C995-385F-494D-B395-A1A9E4D73681}.Release|x86.Build.0 = Release|x86
		{4872C995-385F-494D-B395-A1A9E4D73681}.TestRelease|Any CPU.ActiveCfg = Release|x86
		{4872C995-385F-494D-B395-A1A9E4D73681}.TestRelease|Mixed Platforms.ActiveCfg = Release|x86
		{4872C995-385F-494D-B395-A1A9E4D73681}.TestRelease|Mixed Platforms.Build.0 = Release|x86
		{4872C995-385F-494D-B395-A1A9E4D73681}.TestRelease|x86.ActiveCfg = Release|x86
		{4872C995-385F-494D-B395-A1A9E4D73681}.TestRelease|x86.Build.0 = Release|x86
		{426B865C-ED32-4ACD-BB8F-8101899AB14B}.Debug|Any CPU.ActiveCfg = Debug|Any CPU
		{426B865C-ED32-4ACD-BB8F-8101899AB14B}.Debug|Any CPU.Build.0 = Debug|Any CPU
		{426B865C-ED32-4ACD-BB8F-8101899AB14B}.Debug|Mixed Platforms.ActiveCfg = Debug|Any CPU
		{426B865C-ED32-4ACD-BB8F-8101899AB14B}.Debug|Mixed Platforms.Build.0 = Debug|Any CPU
		{426B865C-ED32-4ACD-BB8F-8101899AB14B}.Debug|x86.ActiveCfg = Debug|Any CPU
		{426B865C-ED32-4ACD-BB8F-8101899AB14B}.Release|Any CPU.ActiveCfg = Release|Any CPU
		{426B865C-ED32-4ACD-BB8F-8101899AB14B}.Release|Any CPU.Build.0 = Release|Any CPU
		{426B865C-ED32-4ACD-BB8F-8101899AB14B}.Release|Mixed Platforms.ActiveCfg = Release|Any CPU
		{426B865C-ED32-4ACD-BB8F-8101899AB14B}.Release|Mixed Platforms.Build.0 = Release|Any CPU
		{426B865C-ED32-4ACD-BB8F-8101899AB14B}.Release|x86.ActiveCfg = Release|Any CPU
		{426B865C-ED32-4ACD-BB8F-8101899AB14B}.TestRelease|Any CPU.ActiveCfg = Release|Any CPU
		{426B865C-ED32-4ACD-BB8F-8101899AB14B}.TestRelease|Any CPU.Build.0 = Release|Any CPU
		{426B865C-ED32-4ACD-BB8F-8101899AB14B}.TestRelease|Mixed Platforms.ActiveCfg = Release|Any CPU
		{426B865C-ED32-4ACD-BB8F-8101899AB14B}.TestRelease|Mixed Platforms.Build.0 = Release|Any CPU
		{426B865C-ED32-4ACD-BB8F-8101899AB14B}.TestRelease|x86.ActiveCfg = Release|Any CPU
		{7FF34D63-671C-49BF-A20E-E3F0CD2CF965}.Debug|Any CPU.ActiveCfg = Debug|x86
		{7FF34D63-671C-49BF-A20E-E3F0CD2CF965}.Debug|Mixed Platforms.ActiveCfg = Debug|x86
		{7FF34D63-671C-49BF-A20E-E3F0CD2CF965}.Debug|Mixed Platforms.Build.0 = Debug|x86
		{7FF34D63-671C-49BF-A20E-E3F0CD2CF965}.Debug|x86.ActiveCfg = Debug|x86
		{7FF34D63-671C-49BF-A20E-E3F0CD2CF965}.Debug|x86.Build.0 = Debug|x86
		{7FF34D63-671C-49BF-A20E-E3F0CD2CF965}.Release|Any CPU.ActiveCfg = Release|x86
		{7FF34D63-671C-49BF-A20E-E3F0CD2CF965}.Release|Mixed Platforms.ActiveCfg = Release|x86
		{7FF34D63-671C-49BF-A20E-E3F0CD2CF965}.Release|Mixed Platforms.Build.0 = Release|x86
		{7FF34D63-671C-49BF-A20E-E3F0CD2CF965}.Release|x86.ActiveCfg = Release|x86
		{7FF34D63-671C-49BF-A20E-E3F0CD2CF965}.Release|x86.Build.0 = Release|x86
		{7FF34D63-671C-49BF-A20E-E3F0CD2CF965}.TestRelease|Any CPU.ActiveCfg = Release|x86
		{7FF34D63-671C-49BF-A20E-E3F0CD2CF965}.TestRelease|Mixed Platforms.ActiveCfg = Release|x86
		{7FF34D63-671C-49BF-A20E-E3F0CD2CF965}.TestRelease|Mixed Platforms.Build.0 = Release|x86
		{7FF34D63-671C-49BF-A20E-E3F0CD2CF965}.TestRelease|x86.ActiveCfg = Release|x86
		{7FF34D63-671C-49BF-A20E-E3F0CD2CF965}.TestRelease|x86.Build.0 = Release|x86
		{9C6BBD24-EFBD-4D02-A4C5-F94B080BD8FC}.Debug|Any CPU.ActiveCfg = Debug|x86
		{9C6BBD24-EFBD-4D02-A4C5-F94B080BD8FC}.Debug|Mixed Platforms.ActiveCfg = Debug|x86
		{9C6BBD24-EFBD-4D02-A4C5-F94B080BD8FC}.Debug|Mixed Platforms.Build.0 = Debug|x86
		{9C6BBD24-EFBD-4D02-A4C5-F94B080BD8FC}.Debug|x86.ActiveCfg = Debug|x86
		{9C6BBD24-EFBD-4D02-A4C5-F94B080BD8FC}.Debug|x86.Build.0 = Debug|x86
		{9C6BBD24-EFBD-4D02-A4C5-F94B080BD8FC}.Release|Any CPU.ActiveCfg = Release|x86
		{9C6BBD24-EFBD-4D02-A4C5-F94B080BD8FC}.Release|Mixed Platforms.ActiveCfg = Release|x86
		{9C6BBD24-EFBD-4D02-A4C5-F94B080BD8FC}.Release|Mixed Platforms.Build.0 = Release|x86
		{9C6BBD24-EFBD-4D02-A4C5-F94B080BD8FC}.Release|x86.ActiveCfg = Release|x86
		{9C6BBD24-EFBD-4D02-A4C5-F94B080BD8FC}.Release|x86.Build.0 = Release|x86
		{9C6BBD24-EFBD-4D02-A4C5-F94B080BD8FC}.TestRelease|Any CPU.ActiveCfg = Release|x86
		{9C6BBD24-EFBD-4D02-A4C5-F94B080BD8FC}.TestRelease|Mixed Platforms.ActiveCfg = Release|x86
		{9C6BBD24-EFBD-4D02-A4C5-F94B080BD8FC}.TestRelease|Mixed Platforms.Build.0 = Release|x86
		{9C6BBD24-EFBD-4D02-A4C5-F94B080BD8FC}.TestRelease|x86.ActiveCfg = Release|x86
		{9C6BBD24-EFBD-4D02-A4C5-F94B080BD8FC}.TestRelease|x86.Build.0 = Release|x86
		{65D5A557-6C2A-4B3E-9D28-59FF119453FA}.Debug|Any CPU.ActiveCfg = Debug|x86
		{65D5A557-6C2A-4B3E-9D28-59FF119453FA}.Debug|Mixed Platforms.ActiveCfg = Debug|x86
		{65D5A557-6C2A-4B3E-9D28-59FF119453FA}.Debug|Mixed Platforms.Build.0 = Debug|x86
		{65D5A557-6C2A-4B3E-9D28-59FF119453FA}.Debug|x86.ActiveCfg = Debug|x86
		{65D5A557-6C2A-4B3E-9D28-59FF119453FA}.Debug|x86.Build.0 = Debug|x86
		{65D5A557-6C2A-4B3E-9D28-59FF119453FA}.Release|Any CPU.ActiveCfg = Release|x86
		{65D5A557-6C2A-4B3E-9D28-59FF119453FA}.Release|Mixed Platforms.ActiveCfg = Release|x86
		{65D5A557-6C2A-4B3E-9D28-59FF119453FA}.Release|Mixed Platforms.Build.0 = Release|x86
		{65D5A557-6C2A-4B3E-9D28-59FF119453FA}.Release|x86.ActiveCfg = Release|x86
		{65D5A557-6C2A-4B3E-9D28-59FF119453FA}.Release|x86.Build.0 = Release|x86
		{65D5A557-6C2A-4B3E-9D28-59FF119453FA}.TestRelease|Any CPU.ActiveCfg = Release|x86
		{65D5A557-6C2A-4B3E-9D28-59FF119453FA}.TestRelease|Mixed Platforms.ActiveCfg = Release|x86
		{65D5A557-6C2A-4B3E-9D28-59FF119453FA}.TestRelease|Mixed Platforms.Build.0 = Release|x86
		{65D5A557-6C2A-4B3E-9D28-59FF119453FA}.TestRelease|x86.ActiveCfg = Release|x86
		{65D5A557-6C2A-4B3E-9D28-59FF119453FA}.TestRelease|x86.Build.0 = Release|x86
		{8EFE6CAC-AE6F-4EAF-AFE2-6FBBA9D1C030}.Debug|Any CPU.ActiveCfg = Debug|x86
		{8EFE6CAC-AE6F-4EAF-AFE2-6FBBA9D1C030}.Debug|Mixed Platforms.ActiveCfg = Debug|x86
		{8EFE6CAC-AE6F-4EAF-AFE2-6FBBA9D1C030}.Debug|Mixed Platforms.Build.0 = Debug|x86
		{8EFE6CAC-AE6F-4EAF-AFE2-6FBBA9D1C030}.Debug|x86.ActiveCfg = Debug|x86
		{8EFE6CAC-AE6F-4EAF-AFE2-6FBBA9D1C030}.Debug|x86.Build.0 = Debug|x86
		{8EFE6CAC-AE6F-4EAF-AFE2-6FBBA9D1C030}.Release|Any CPU.ActiveCfg = Release|x86
		{8EFE6CAC-AE6F-4EAF-AFE2-6FBBA9D1C030}.Release|Mixed Platforms.ActiveCfg = Release|x86
		{8EFE6CAC-AE6F-4EAF-AFE2-6FBBA9D1C030}.Release|Mixed Platforms.Build.0 = Release|x86
		{8EFE6CAC-AE6F-4EAF-AFE2-6FBBA9D1C030}.Release|x86.ActiveCfg = Release|x86
		{8EFE6CAC-AE6F-4EAF-AFE2-6FBBA9D1C030}.Release|x86.Build.0 = Release|x86
		{8EFE6CAC-AE6F-4EAF-AFE2-6FBBA9D1C030}.TestRelease|Any CPU.ActiveCfg = Release|x86
		{8EFE6CAC-AE6F-4EAF-AFE2-6FBBA9D1C030}.TestRelease|Mixed Platforms.ActiveCfg = Release|x86
		{8EFE6CAC-AE6F-4EAF-AFE2-6FBBA9D1C030}.TestRelease|Mixed Platforms.Build.0 = Release|x86
		{8EFE6CAC-AE6F-4EAF-AFE2-6FBBA9D1C030}.TestRelease|x86.ActiveCfg = Release|x86
		{8EFE6CAC-AE6F-4EAF-AFE2-6FBBA9D1C030}.TestRelease|x86.Build.0 = Release|x86
		{3A772E57-EC5B-4A18-B2CD-A9F9812C22FA}.Debug|Any CPU.ActiveCfg = Debug|Any CPU
		{3A772E57-EC5B-4A18-B2CD-A9F9812C22FA}.Debug|Any CPU.Build.0 = Debug|Any CPU
		{3A772E57-EC5B-4A18-B2CD-A9F9812C22FA}.Debug|Mixed Platforms.ActiveCfg = Debug|Any CPU
		{3A772E57-EC5B-4A18-B2CD-A9F9812C22FA}.Debug|Mixed Platforms.Build.0 = Debug|Any CPU
		{3A772E57-EC5B-4A18-B2CD-A9F9812C22FA}.Debug|x86.ActiveCfg = Debug|Any CPU
		{3A772E57-EC5B-4A18-B2CD-A9F9812C22FA}.Release|Any CPU.ActiveCfg = Release|Any CPU
		{3A772E57-EC5B-4A18-B2CD-A9F9812C22FA}.Release|Any CPU.Build.0 = Release|Any CPU
		{3A772E57-EC5B-4A18-B2CD-A9F9812C22FA}.Release|Mixed Platforms.ActiveCfg = Release|Any CPU
		{3A772E57-EC5B-4A18-B2CD-A9F9812C22FA}.Release|Mixed Platforms.Build.0 = Release|Any CPU
		{3A772E57-EC5B-4A18-B2CD-A9F9812C22FA}.Release|x86.ActiveCfg = Release|Any CPU
		{3A772E57-EC5B-4A18-B2CD-A9F9812C22FA}.TestRelease|Any CPU.ActiveCfg = Release|Any CPU
		{3A772E57-EC5B-4A18-B2CD-A9F9812C22FA}.TestRelease|Any CPU.Build.0 = Release|Any CPU
		{3A772E57-EC5B-4A18-B2CD-A9F9812C22FA}.TestRelease|Mixed Platforms.ActiveCfg = Release|Any CPU
		{3A772E57-EC5B-4A18-B2CD-A9F9812C22FA}.TestRelease|Mixed Platforms.Build.0 = Release|Any CPU
		{3A772E57-EC5B-4A18-B2CD-A9F9812C22FA}.TestRelease|x86.ActiveCfg = Release|Any CPU
		{09BEC673-7F68-4F50-9CFB-F8C284A67D4B}.Debug|Any CPU.ActiveCfg = Debug|x86
		{09BEC673-7F68-4F50-9CFB-F8C284A67D4B}.Debug|Mixed Platforms.ActiveCfg = Debug|x86
		{09BEC673-7F68-4F50-9CFB-F8C284A67D4B}.Debug|Mixed Platforms.Build.0 = Debug|x86
		{09BEC673-7F68-4F50-9CFB-F8C284A67D4B}.Debug|x86.ActiveCfg = Debug|x86
		{09BEC673-7F68-4F50-9CFB-F8C284A67D4B}.Debug|x86.Build.0 = Debug|x86
		{09BEC673-7F68-4F50-9CFB-F8C284A67D4B}.Release|Any CPU.ActiveCfg = Release|x86
		{09BEC673-7F68-4F50-9CFB-F8C284A67D4B}.Release|Mixed Platforms.ActiveCfg = Release|x86
		{09BEC673-7F68-4F50-9CFB-F8C284A67D4B}.Release|Mixed Platforms.Build.0 = Release|x86
		{09BEC673-7F68-4F50-9CFB-F8C284A67D4B}.Release|x86.ActiveCfg = Release|x86
		{09BEC673-7F68-4F50-9CFB-F8C284A67D4B}.Release|x86.Build.0 = Release|x86
		{09BEC673-7F68-4F50-9CFB-F8C284A67D4B}.TestRelease|Any CPU.ActiveCfg = Release|x86
		{09BEC673-7F68-4F50-9CFB-F8C284A67D4B}.TestRelease|Mixed Platforms.ActiveCfg = Release|x86
		{09BEC673-7F68-4F50-9CFB-F8C284A67D4B}.TestRelease|Mixed Platforms.Build.0 = Release|x86
		{09BEC673-7F68-4F50-9CFB-F8C284A67D4B}.TestRelease|x86.ActiveCfg = Release|x86
		{09BEC673-7F68-4F50-9CFB-F8C284A67D4B}.TestRelease|x86.Build.0 = Release|x86
		{80A2570C-B629-4E4E-BE13-2CAE130305B8}.Debug|Any CPU.ActiveCfg = Debug|x86
		{80A2570C-B629-4E4E-BE13-2CAE130305B8}.Debug|Mixed Platforms.ActiveCfg = Debug|x86
		{80A2570C-B629-4E4E-BE13-2CAE130305B8}.Debug|Mixed Platforms.Build.0 = Debug|x86
		{80A2570C-B629-4E4E-BE13-2CAE130305B8}.Debug|x86.ActiveCfg = Debug|x86
		{80A2570C-B629-4E4E-BE13-2CAE130305B8}.Debug|x86.Build.0 = Debug|x86
		{80A2570C-B629-4E4E-BE13-2CAE130305B8}.Release|Any CPU.ActiveCfg = Release|x86
		{80A2570C-B629-4E4E-BE13-2CAE130305B8}.Release|Mixed Platforms.ActiveCfg = Release|x86
		{80A2570C-B629-4E4E-BE13-2CAE130305B8}.Release|Mixed Platforms.Build.0 = Release|x86
		{80A2570C-B629-4E4E-BE13-2CAE130305B8}.Release|x86.ActiveCfg = Release|x86
		{80A2570C-B629-4E4E-BE13-2CAE130305B8}.Release|x86.Build.0 = Release|x86
		{80A2570C-B629-4E4E-BE13-2CAE130305B8}.TestRelease|Any CPU.ActiveCfg = Release|x86
		{80A2570C-B629-4E4E-BE13-2CAE130305B8}.TestRelease|Mixed Platforms.ActiveCfg = Release|x86
		{80A2570C-B629-4E4E-BE13-2CAE130305B8}.TestRelease|Mixed Platforms.Build.0 = Release|x86
		{80A2570C-B629-4E4E-BE13-2CAE130305B8}.TestRelease|x86.ActiveCfg = Release|x86
		{80A2570C-B629-4E4E-BE13-2CAE130305B8}.TestRelease|x86.Build.0 = Release|x86
		{57F708C2-B7A8-4BD5-9130-966FA0C752D0}.Debug|Any CPU.ActiveCfg = Debug|x86
		{57F708C2-B7A8-4BD5-9130-966FA0C752D0}.Debug|Mixed Platforms.ActiveCfg = Debug|x86
		{57F708C2-B7A8-4BD5-9130-966FA0C752D0}.Debug|Mixed Platforms.Build.0 = Debug|x86
		{57F708C2-B7A8-4BD5-9130-966FA0C752D0}.Debug|x86.ActiveCfg = Debug|x86
		{57F708C2-B7A8-4BD5-9130-966FA0C752D0}.Debug|x86.Build.0 = Debug|x86
		{57F708C2-B7A8-4BD5-9130-966FA0C752D0}.Release|Any CPU.ActiveCfg = Release|x86
		{57F708C2-B7A8-4BD5-9130-966FA0C752D0}.Release|Mixed Platforms.ActiveCfg = Release|x86
		{57F708C2-B7A8-4BD5-9130-966FA0C752D0}.Release|Mixed Platforms.Build.0 = Release|x86
		{57F708C2-B7A8-4BD5-9130-966FA0C752D0}.Release|x86.ActiveCfg = Release|x86
		{57F708C2-B7A8-4BD5-9130-966FA0C752D0}.Release|x86.Build.0 = Release|x86
		{57F708C2-B7A8-4BD5-9130-966FA0C752D0}.TestRelease|Any CPU.ActiveCfg = Release|x86
		{57F708C2-B7A8-4BD5-9130-966FA0C752D0}.TestRelease|Mixed Platforms.ActiveCfg = Release|x86
		{57F708C2-B7A8-4BD5-9130-966FA0C752D0}.TestRelease|Mixed Platforms.Build.0 = Release|x86
		{57F708C2-B7A8-4BD5-9130-966FA0C752D0}.TestRelease|x86.ActiveCfg = Release|x86
		{57F708C2-B7A8-4BD5-9130-966FA0C752D0}.TestRelease|x86.Build.0 = Release|x86
		{CA4F69E0-3DFF-46EB-B5D2-71DDE5838D2E}.Debug|Any CPU.ActiveCfg = Debug|x86
		{CA4F69E0-3DFF-46EB-B5D2-71DDE5838D2E}.Debug|Mixed Platforms.ActiveCfg = Debug|x86
		{CA4F69E0-3DFF-46EB-B5D2-71DDE5838D2E}.Debug|Mixed Platforms.Build.0 = Debug|x86
		{CA4F69E0-3DFF-46EB-B5D2-71DDE5838D2E}.Debug|x86.ActiveCfg = Debug|x86
		{CA4F69E0-3DFF-46EB-B5D2-71DDE5838D2E}.Debug|x86.Build.0 = Debug|x86
		{CA4F69E0-3DFF-46EB-B5D2-71DDE5838D2E}.Release|Any CPU.ActiveCfg = Release|x86
		{CA4F69E0-3DFF-46EB-B5D2-71DDE5838D2E}.Release|Mixed Platforms.ActiveCfg = Release|x86
		{CA4F69E0-3DFF-46EB-B5D2-71DDE5838D2E}.Release|Mixed Platforms.Build.0 = Release|x86
		{CA4F69E0-3DFF-46EB-B5D2-71DDE5838D2E}.Release|x86.ActiveCfg = Release|x86
		{CA4F69E0-3DFF-46EB-B5D2-71DDE5838D2E}.Release|x86.Build.0 = Release|x86
		{CA4F69E0-3DFF-46EB-B5D2-71DDE5838D2E}.TestRelease|Any CPU.ActiveCfg = Release|x86
		{CA4F69E0-3DFF-46EB-B5D2-71DDE5838D2E}.TestRelease|Mixed Platforms.ActiveCfg = Release|x86
		{CA4F69E0-3DFF-46EB-B5D2-71DDE5838D2E}.TestRelease|Mixed Platforms.Build.0 = Release|x86
		{CA4F69E0-3DFF-46EB-B5D2-71DDE5838D2E}.TestRelease|x86.ActiveCfg = Release|x86
		{CA4F69E0-3DFF-46EB-B5D2-71DDE5838D2E}.TestRelease|x86.Build.0 = Release|x86
		{CA8A81BA-1176-49B4-A57D-75A4D8077ED1}.Debug|Any CPU.ActiveCfg = Debug|x86
		{CA8A81BA-1176-49B4-A57D-75A4D8077ED1}.Debug|Mixed Platforms.ActiveCfg = Debug|x86
		{CA8A81BA-1176-49B4-A57D-75A4D8077ED1}.Debug|Mixed Platforms.Build.0 = Debug|x86
		{CA8A81BA-1176-49B4-A57D-75A4D8077ED1}.Debug|x86.ActiveCfg = Debug|x86
		{CA8A81BA-1176-49B4-A57D-75A4D8077ED1}.Debug|x86.Build.0 = Debug|x86
		{CA8A81BA-1176-49B4-A57D-75A4D8077ED1}.Release|Any CPU.ActiveCfg = Release|x86
		{CA8A81BA-1176-49B4-A57D-75A4D8077ED1}.Release|Mixed Platforms.ActiveCfg = Release|x86
		{CA8A81BA-1176-49B4-A57D-75A4D8077ED1}.Release|Mixed Platforms.Build.0 = Release|x86
		{CA8A81BA-1176-49B4-A57D-75A4D8077ED1}.Release|x86.ActiveCfg = Release|x86
		{CA8A81BA-1176-49B4-A57D-75A4D8077ED1}.Release|x86.Build.0 = Release|x86
		{CA8A81BA-1176-49B4-A57D-75A4D8077ED1}.TestRelease|Any CPU.ActiveCfg = Release|x86
		{CA8A81BA-1176-49B4-A57D-75A4D8077ED1}.TestRelease|Mixed Platforms.ActiveCfg = Release|x86
		{CA8A81BA-1176-49B4-A57D-75A4D8077ED1}.TestRelease|Mixed Platforms.Build.0 = Release|x86
		{CA8A81BA-1176-49B4-A57D-75A4D8077ED1}.TestRelease|x86.ActiveCfg = Release|x86
		{CA8A81BA-1176-49B4-A57D-75A4D8077ED1}.TestRelease|x86.Build.0 = Release|x86
		{A9029BB6-4F9C-4B5F-ACD1-EDC158066EB3}.Debug|Any CPU.ActiveCfg = Debug|x86
		{A9029BB6-4F9C-4B5F-ACD1-EDC158066EB3}.Debug|Mixed Platforms.ActiveCfg = Debug|x86
		{A9029BB6-4F9C-4B5F-ACD1-EDC158066EB3}.Debug|Mixed Platforms.Build.0 = Debug|x86
		{A9029BB6-4F9C-4B5F-ACD1-EDC158066EB3}.Debug|x86.ActiveCfg = Debug|x86
		{A9029BB6-4F9C-4B5F-ACD1-EDC158066EB3}.Debug|x86.Build.0 = Debug|x86
		{A9029BB6-4F9C-4B5F-ACD1-EDC158066EB3}.Release|Any CPU.ActiveCfg = Release|x86
		{A9029BB6-4F9C-4B5F-ACD1-EDC158066EB3}.Release|Mixed Platforms.ActiveCfg = Release|x86
		{A9029BB6-4F9C-4B5F-ACD1-EDC158066EB3}.Release|Mixed Platforms.Build.0 = Release|x86
		{A9029BB6-4F9C-4B5F-ACD1-EDC158066EB3}.Release|x86.ActiveCfg = Release|x86
		{A9029BB6-4F9C-4B5F-ACD1-EDC158066EB3}.Release|x86.Build.0 = Release|x86
		{A9029BB6-4F9C-4B5F-ACD1-EDC158066EB3}.TestRelease|Any CPU.ActiveCfg = Release|x86
		{A9029BB6-4F9C-4B5F-ACD1-EDC158066EB3}.TestRelease|Mixed Platforms.ActiveCfg = Release|x86
		{A9029BB6-4F9C-4B5F-ACD1-EDC158066EB3}.TestRelease|Mixed Platforms.Build.0 = Release|x86
		{A9029BB6-4F9C-4B5F-ACD1-EDC158066EB3}.TestRelease|x86.ActiveCfg = Release|x86
		{A9029BB6-4F9C-4B5F-ACD1-EDC158066EB3}.TestRelease|x86.Build.0 = Release|x86
		{AD10DA40-214E-4F28-BA9D-B3011476D0B2}.Debug|Any CPU.ActiveCfg = Debug|x86
		{AD10DA40-214E-4F28-BA9D-B3011476D0B2}.Debug|Mixed Platforms.ActiveCfg = Debug|x86
		{AD10DA40-214E-4F28-BA9D-B3011476D0B2}.Debug|Mixed Platforms.Build.0 = Debug|x86
		{AD10DA40-214E-4F28-BA9D-B3011476D0B2}.Debug|x86.ActiveCfg = Debug|x86
		{AD10DA40-214E-4F28-BA9D-B3011476D0B2}.Debug|x86.Build.0 = Debug|x86
		{AD10DA40-214E-4F28-BA9D-B3011476D0B2}.Release|Any CPU.ActiveCfg = Release|x86
		{AD10DA40-214E-4F28-BA9D-B3011476D0B2}.Release|Mixed Platforms.ActiveCfg = Release|x86
		{AD10DA40-214E-4F28-BA9D-B3011476D0B2}.Release|Mixed Platforms.Build.0 = Release|x86
		{AD10DA40-214E-4F28-BA9D-B3011476D0B2}.Release|x86.ActiveCfg = Release|x86
		{AD10DA40-214E-4F28-BA9D-B3011476D0B2}.Release|x86.Build.0 = Release|x86
		{AD10DA40-214E-4F28-BA9D-B3011476D0B2}.TestRelease|Any CPU.ActiveCfg = Release|x86
		{AD10DA40-214E-4F28-BA9D-B3011476D0B2}.TestRelease|Mixed Platforms.ActiveCfg = Release|x86
		{AD10DA40-214E-4F28-BA9D-B3011476D0B2}.TestRelease|Mixed Platforms.Build.0 = Release|x86
		{AD10DA40-214E-4F28-BA9D-B3011476D0B2}.TestRelease|x86.ActiveCfg = Release|x86
		{AD10DA40-214E-4F28-BA9D-B3011476D0B2}.TestRelease|x86.Build.0 = Release|x86
		{37B0C6FE-CCF3-4630-8835-2FDDF6F5AB5F}.Debug|Any CPU.ActiveCfg = Debug|x86
		{37B0C6FE-CCF3-4630-8835-2FDDF6F5AB5F}.Debug|Mixed Platforms.ActiveCfg = Debug|x86
		{37B0C6FE-CCF3-4630-8835-2FDDF6F5AB5F}.Debug|Mixed Platforms.Build.0 = Debug|x86
		{37B0C6FE-CCF3-4630-8835-2FDDF6F5AB5F}.Debug|x86.ActiveCfg = Debug|x86
		{37B0C6FE-CCF3-4630-8835-2FDDF6F5AB5F}.Debug|x86.Build.0 = Debug|x86
		{37B0C6FE-CCF3-4630-8835-2FDDF6F5AB5F}.Release|Any CPU.ActiveCfg = Release|x86
		{37B0C6FE-CCF3-4630-8835-2FDDF6F5AB5F}.Release|Mixed Platforms.ActiveCfg = Release|x86
		{37B0C6FE-CCF3-4630-8835-2FDDF6F5AB5F}.Release|Mixed Platforms.Build.0 = Release|x86
		{37B0C6FE-CCF3-4630-8835-2FDDF6F5AB5F}.Release|x86.ActiveCfg = Release|x86
		{37B0C6FE-CCF3-4630-8835-2FDDF6F5AB5F}.Release|x86.Build.0 = Release|x86
		{37B0C6FE-CCF3-4630-8835-2FDDF6F5AB5F}.TestRelease|Any CPU.ActiveCfg = Release|x86
		{37B0C6FE-CCF3-4630-8835-2FDDF6F5AB5F}.TestRelease|Mixed Platforms.ActiveCfg = Release|x86
		{37B0C6FE-CCF3-4630-8835-2FDDF6F5AB5F}.TestRelease|Mixed Platforms.Build.0 = Release|x86
		{37B0C6FE-CCF3-4630-8835-2FDDF6F5AB5F}.TestRelease|x86.ActiveCfg = Release|x86
		{37B0C6FE-CCF3-4630-8835-2FDDF6F5AB5F}.TestRelease|x86.Build.0 = Release|x86
	EndGlobalSection
	GlobalSection(SolutionProperties) = preSolution
		HideSolutionNode = FALSE
	EndGlobalSection
EndGlobal
