
Microsoft Visual Studio Solution File, Format Version 11.00
# Visual Studio 2010
Project("{FAE04EC0-301F-11D3-BF4B-00C04F79EFBC}") = "IndranilsProject", "IndranilsProject.csproj", "{18249007-618F-4CAB-B536-71BE4B8FCA3D}"
	ProjectSection(ProjectDependencies) = postProject
		{EE3E20A0-525F-408B-96F7-44D586F8E0B9} = {EE3E20A0-525F-408B-96F7-44D586F8E0B9}
		{70EA71CD-073B-4195-B04F-36A7F6B1D4E7} = {70EA71CD-073B-4195-B04F-36A7F6B1D4E7}
	EndProjectSection
EndProject
Project("{FAE04EC0-301F-11D3-BF4B-00C04F79EFBC}") = "Linnarsson.Dna", "..\DnaLib\Linnarsson.Dna.csproj", "{70EA71CD-073B-4195-B04F-36A7F6B1D4E7}"
EndProject
Project("{FAE04EC0-301F-11D3-BF4B-00C04F79EFBC}") = "Linnarsson.Mathematics", "..\MathLib\Linnarsson.Mathematics.csproj", "{CA6815A6-BA36-47A6-A177-FE6C44099FC2}"
EndProject
Project("{FAE04EC0-301F-11D3-BF4B-00C04F79EFBC}") = "Linnarsson.Utilities", "..\UtilitiesLib\Linnarsson.Utilities.csproj", "{EE3E20A0-525F-408B-96F7-44D586F8E0B9}"
EndProject
Project("{FAE04EC0-301F-11D3-BF4B-00C04F79EFBC}") = "TargetCaptureBuilder", "..\TargetCaptureBuilder\TargetCaptureBuilder.csproj", "{6C4D4A81-61E0-4C99-AF09-489B2C4D1DFB}"
EndProject
Project("{FAE04EC0-301F-11D3-BF4B-00C04F79EFBC}") = "TriNucleotideThreading", "..\TriNucleotideThreading\TriNucleotideThreading.csproj", "{31C023B9-11D3-48DB-9F54-0C45E59ADE50}"
EndProject
Project("{FAE04EC0-301F-11D3-BF4B-00C04F79EFBC}") = "Junction_labels_simulator", "..\Junction_labels_simulator\Junction_labels_simulator.csproj", "{7FF8B046-1A2D-4087-ADAA-7B51A2C213AD}"
EndProject
Project("{FAE04EC0-301F-11D3-BF4B-00C04F79EFBC}") = "Linnarsson.Lineage", "..\Linnarsson.Lineage\Linnarsson.Lineage.csproj", "{23C19168-CC75-44FD-9B19-0FF83397DF76}"
EndProject
Project("{FAE04EC0-301F-11D3-BF4B-00C04F79EFBC}") = "LineageTool", "..\LineageTool\LineageTool.csproj", "{B9241A61-FF70-4660-93EB-8968B054BA1B}"
EndProject
Project("{FAE04EC0-301F-11D3-BF4B-00C04F79EFBC}") = "Junction_lables_simulator_console", "..\Junction_lables_simulator_console\Junction_lables_simulator_console.csproj", "{681BBE09-1A32-486B-8308-FE7B3D79128D}"
EndProject
Project("{FAE04EC0-301F-11D3-BF4B-00C04F79EFBC}") = "ErrorCorrection_console", "..\ErrorCorrection_console\ErrorCorrection_console.csproj", "{2E294254-B871-4AEE-8C97-19AE042121C7}"
EndProject
Global
	GlobalSection(SourceCodeControl) = preSolution
		SccNumberOfProjects = 12
		SccLocalPath0 = .
		SccProjectUniqueName1 = ..\\Junction_labels_simulator\\Junction_labels_simulator.csproj
		SccLocalPath1 = ..\\Junction_labels_simulator
		SccProjectUniqueName2 = IndranilsProject.csproj
		SccLocalPath2 = .
		SccProjectUniqueName3 = ..\\DnaLib\\Linnarsson.Dna.csproj
		SccLocalPath3 = ..\\DnaLib
		SccProjectUniqueName4 = ..\\MathLib\\Linnarsson.Mathematics.csproj
		SccLocalPath4 = ..\\MathLib
		SccProjectUniqueName5 = ..\\UtilitiesLib\\Linnarsson.Utilities.csproj
		SccLocalPath5 = ..\\UtilitiesLib
		SccProjectUniqueName6 = ..\\TargetCaptureBuilder\\TargetCaptureBuilder.csproj
		SccLocalPath6 = ..\\TargetCaptureBuilder
		SccProjectUniqueName7 = ..\\TriNucleotideThreading\\TriNucleotideThreading.csproj
		SccLocalPath7 = ..\\TriNucleotideThreading
		SccProjectUniqueName8 = ..\\Linnarsson.Lineage\\Linnarsson.Lineage.csproj
		SccLocalPath8 = ..\\Linnarsson.Lineage
		SccProjectUniqueName9 = ..\\LineageTool\\LineageTool.csproj
		SccLocalPath9 = ..\\LineageTool
		SccProjectUniqueName10 = ..\\Junction_lables_simulator_console\\Junction_lables_simulator_console.csproj
		SccLocalPath10 = ..\\Junction_lables_simulator_console
		SccProjectUniqueName11 = ..\\ErrorCorrection_console\\ErrorCorrection_console.csproj
		SccLocalPath11 = ..\\ErrorCorrection_console
	EndGlobalSection
	GlobalSection(SolutionConfigurationPlatforms) = preSolution
		Crick Release|Any CPU = Crick Release|Any CPU
		Crick Release|Mixed Platforms = Crick Release|Mixed Platforms
		Crick Release|x86 = Crick Release|x86
		Debug|Any CPU = Debug|Any CPU
		Debug|Mixed Platforms = Debug|Mixed Platforms
		Debug|x86 = Debug|x86
		Release|Any CPU = Release|Any CPU
		Release|Mixed Platforms = Release|Mixed Platforms
		Release|x86 = Release|x86
		TestRelease|Any CPU = TestRelease|Any CPU
		TestRelease|Mixed Platforms = TestRelease|Mixed Platforms
		TestRelease|x86 = TestRelease|x86
	EndGlobalSection
	GlobalSection(ProjectConfigurationPlatforms) = postSolution
		{18249007-618F-4CAB-B536-71BE4B8FCA3D}.Crick Release|Any CPU.ActiveCfg = Release|Any CPU
		{18249007-618F-4CAB-B536-71BE4B8FCA3D}.Crick Release|Mixed Platforms.ActiveCfg = Release|Any CPU
		{18249007-618F-4CAB-B536-71BE4B8FCA3D}.Crick Release|x86.ActiveCfg = Release|x86
		{18249007-618F-4CAB-B536-71BE4B8FCA3D}.Debug|Any CPU.ActiveCfg = Debug|Any CPU
		{18249007-618F-4CAB-B536-71BE4B8FCA3D}.Debug|Any CPU.Build.0 = Debug|Any CPU
		{18249007-618F-4CAB-B536-71BE4B8FCA3D}.Debug|Mixed Platforms.ActiveCfg = Debug|x86
		{18249007-618F-4CAB-B536-71BE4B8FCA3D}.Debug|Mixed Platforms.Build.0 = Debug|x86
		{18249007-618F-4CAB-B536-71BE4B8FCA3D}.Debug|x86.ActiveCfg = Debug|x86
		{18249007-618F-4CAB-B536-71BE4B8FCA3D}.Debug|x86.Build.0 = Debug|x86
		{18249007-618F-4CAB-B536-71BE4B8FCA3D}.Release|Any CPU.ActiveCfg = Release|x86
		{18249007-618F-4CAB-B536-71BE4B8FCA3D}.Release|Mixed Platforms.ActiveCfg = Release|x86
		{18249007-618F-4CAB-B536-71BE4B8FCA3D}.Release|Mixed Platforms.Build.0 = Release|x86
		{18249007-618F-4CAB-B536-71BE4B8FCA3D}.Release|x86.ActiveCfg = Release|x86
		{18249007-618F-4CAB-B536-71BE4B8FCA3D}.Release|x86.Build.0 = Release|x86
		{18249007-618F-4CAB-B536-71BE4B8FCA3D}.TestRelease|Any CPU.ActiveCfg = Release|Any CPU
		{18249007-618F-4CAB-B536-71BE4B8FCA3D}.TestRelease|Mixed Platforms.ActiveCfg = Release|Any CPU
		{18249007-618F-4CAB-B536-71BE4B8FCA3D}.TestRelease|x86.ActiveCfg = Release|x86
		{70EA71CD-073B-4195-B04F-36A7F6B1D4E7}.Crick Release|Any CPU.ActiveCfg = Crick Release|Any CPU
		{70EA71CD-073B-4195-B04F-36A7F6B1D4E7}.Crick Release|Any CPU.Build.0 = Crick Release|Any CPU
		{70EA71CD-073B-4195-B04F-36A7F6B1D4E7}.Crick Release|Mixed Platforms.ActiveCfg = Crick Release|Any CPU
		{70EA71CD-073B-4195-B04F-36A7F6B1D4E7}.Crick Release|Mixed Platforms.Build.0 = Crick Release|Any CPU
		{70EA71CD-073B-4195-B04F-36A7F6B1D4E7}.Crick Release|x86.ActiveCfg = Crick Release|Any CPU
		{70EA71CD-073B-4195-B04F-36A7F6B1D4E7}.Debug|Any CPU.ActiveCfg = Debug|Any CPU
		{70EA71CD-073B-4195-B04F-36A7F6B1D4E7}.Debug|Any CPU.Build.0 = Debug|Any CPU
		{70EA71CD-073B-4195-B04F-36A7F6B1D4E7}.Debug|Mixed Platforms.ActiveCfg = Debug|Any CPU
		{70EA71CD-073B-4195-B04F-36A7F6B1D4E7}.Debug|Mixed Platforms.Build.0 = Debug|Any CPU
		{70EA71CD-073B-4195-B04F-36A7F6B1D4E7}.Debug|x86.ActiveCfg = Debug|Any CPU
		{70EA71CD-073B-4195-B04F-36A7F6B1D4E7}.Release|Any CPU.ActiveCfg = Release|Any CPU
		{70EA71CD-073B-4195-B04F-36A7F6B1D4E7}.Release|Any CPU.Build.0 = Release|Any CPU
		{70EA71CD-073B-4195-B04F-36A7F6B1D4E7}.Release|Mixed Platforms.ActiveCfg = Release|Any CPU
		{70EA71CD-073B-4195-B04F-36A7F6B1D4E7}.Release|Mixed Platforms.Build.0 = Release|Any CPU
		{70EA71CD-073B-4195-B04F-36A7F6B1D4E7}.Release|x86.ActiveCfg = Release|Any CPU
		{70EA71CD-073B-4195-B04F-36A7F6B1D4E7}.TestRelease|Any CPU.ActiveCfg = TestRelease|Any CPU
		{70EA71CD-073B-4195-B04F-36A7F6B1D4E7}.TestRelease|Any CPU.Build.0 = TestRelease|Any CPU
		{70EA71CD-073B-4195-B04F-36A7F6B1D4E7}.TestRelease|Mixed Platforms.ActiveCfg = TestRelease|Any CPU
		{70EA71CD-073B-4195-B04F-36A7F6B1D4E7}.TestRelease|Mixed Platforms.Build.0 = TestRelease|Any CPU
		{70EA71CD-073B-4195-B04F-36A7F6B1D4E7}.TestRelease|x86.ActiveCfg = TestRelease|Any CPU
		{CA6815A6-BA36-47A6-A177-FE6C44099FC2}.Crick Release|Any CPU.ActiveCfg = Crick Release|Any CPU
		{CA6815A6-BA36-47A6-A177-FE6C44099FC2}.Crick Release|Any CPU.Build.0 = Crick Release|Any CPU
		{CA6815A6-BA36-47A6-A177-FE6C44099FC2}.Crick Release|Mixed Platforms.ActiveCfg = Crick Release|Any CPU
		{CA6815A6-BA36-47A6-A177-FE6C44099FC2}.Crick Release|Mixed Platforms.Build.0 = Crick Release|Any CPU
		{CA6815A6-BA36-47A6-A177-FE6C44099FC2}.Crick Release|x86.ActiveCfg = Crick Release|Any CPU
		{CA6815A6-BA36-47A6-A177-FE6C44099FC2}.Debug|Any CPU.ActiveCfg = Debug|Any CPU
		{CA6815A6-BA36-47A6-A177-FE6C44099FC2}.Debug|Any CPU.Build.0 = Debug|Any CPU
		{CA6815A6-BA36-47A6-A177-FE6C44099FC2}.Debug|Mixed Platforms.ActiveCfg = Debug|Any CPU
		{CA6815A6-BA36-47A6-A177-FE6C44099FC2}.Debug|Mixed Platforms.Build.0 = Debug|Any CPU
		{CA6815A6-BA36-47A6-A177-FE6C44099FC2}.Debug|x86.ActiveCfg = Debug|Any CPU
		{CA6815A6-BA36-47A6-A177-FE6C44099FC2}.Release|Any CPU.ActiveCfg = Release|Any CPU
		{CA6815A6-BA36-47A6-A177-FE6C44099FC2}.Release|Any CPU.Build.0 = Release|Any CPU
		{CA6815A6-BA36-47A6-A177-FE6C44099FC2}.Release|Mixed Platforms.ActiveCfg = Release|Any CPU
		{CA6815A6-BA36-47A6-A177-FE6C44099FC2}.Release|Mixed Platforms.Build.0 = Release|Any CPU
		{CA6815A6-BA36-47A6-A177-FE6C44099FC2}.Release|x86.ActiveCfg = Release|Any CPU
		{CA6815A6-BA36-47A6-A177-FE6C44099FC2}.TestRelease|Any CPU.ActiveCfg = TestRelease|Any CPU
		{CA6815A6-BA36-47A6-A177-FE6C44099FC2}.TestRelease|Any CPU.Build.0 = TestRelease|Any CPU
		{CA6815A6-BA36-47A6-A177-FE6C44099FC2}.TestRelease|Mixed Platforms.ActiveCfg = TestRelease|Any CPU
		{CA6815A6-BA36-47A6-A177-FE6C44099FC2}.TestRelease|Mixed Platforms.Build.0 = TestRelease|Any CPU
		{CA6815A6-BA36-47A6-A177-FE6C44099FC2}.TestRelease|x86.ActiveCfg = TestRelease|Any CPU
		{EE3E20A0-525F-408B-96F7-44D586F8E0B9}.Crick Release|Any CPU.ActiveCfg = Crick Release|Any CPU
		{EE3E20A0-525F-408B-96F7-44D586F8E0B9}.Crick Release|Any CPU.Build.0 = Crick Release|Any CPU
		{EE3E20A0-525F-408B-96F7-44D586F8E0B9}.Crick Release|Mixed Platforms.ActiveCfg = Crick Release|Any CPU
		{EE3E20A0-525F-408B-96F7-44D586F8E0B9}.Crick Release|Mixed Platforms.Build.0 = Crick Release|Any CPU
		{EE3E20A0-525F-408B-96F7-44D586F8E0B9}.Crick Release|x86.ActiveCfg = Crick Release|Any CPU
		{EE3E20A0-525F-408B-96F7-44D586F8E0B9}.Debug|Any CPU.ActiveCfg = Debug|Any CPU
		{EE3E20A0-525F-408B-96F7-44D586F8E0B9}.Debug|Any CPU.Build.0 = Debug|Any CPU
		{EE3E20A0-525F-408B-96F7-44D586F8E0B9}.Debug|Mixed Platforms.ActiveCfg = Debug|Any CPU
		{EE3E20A0-525F-408B-96F7-44D586F8E0B9}.Debug|Mixed Platforms.Build.0 = Debug|Any CPU
		{EE3E20A0-525F-408B-96F7-44D586F8E0B9}.Debug|x86.ActiveCfg = Debug|Any CPU
		{EE3E20A0-525F-408B-96F7-44D586F8E0B9}.Release|Any CPU.ActiveCfg = Release|Any CPU
		{EE3E20A0-525F-408B-96F7-44D586F8E0B9}.Release|Any CPU.Build.0 = Release|Any CPU
		{EE3E20A0-525F-408B-96F7-44D586F8E0B9}.Release|Mixed Platforms.ActiveCfg = Release|Any CPU
		{EE3E20A0-525F-408B-96F7-44D586F8E0B9}.Release|Mixed Platforms.Build.0 = Release|Any CPU
		{EE3E20A0-525F-408B-96F7-44D586F8E0B9}.Release|x86.ActiveCfg = Release|Any CPU
		{EE3E20A0-525F-408B-96F7-44D586F8E0B9}.TestRelease|Any CPU.ActiveCfg = TestRelease|Any CPU
		{EE3E20A0-525F-408B-96F7-44D586F8E0B9}.TestRelease|Any CPU.Build.0 = TestRelease|Any CPU
		{EE3E20A0-525F-408B-96F7-44D586F8E0B9}.TestRelease|Mixed Platforms.ActiveCfg = TestRelease|Any CPU
		{EE3E20A0-525F-408B-96F7-44D586F8E0B9}.TestRelease|Mixed Platforms.Build.0 = TestRelease|Any CPU
		{EE3E20A0-525F-408B-96F7-44D586F8E0B9}.TestRelease|x86.ActiveCfg = TestRelease|Any CPU
		{6C4D4A81-61E0-4C99-AF09-489B2C4D1DFB}.Crick Release|Any CPU.ActiveCfg = Release|Any CPU
		{6C4D4A81-61E0-4C99-AF09-489B2C4D1DFB}.Crick Release|Any CPU.Build.0 = Release|Any CPU
		{6C4D4A81-61E0-4C99-AF09-489B2C4D1DFB}.Crick Release|Mixed Platforms.ActiveCfg = Release|Any CPU
		{6C4D4A81-61E0-4C99-AF09-489B2C4D1DFB}.Crick Release|Mixed Platforms.Build.0 = Release|Any CPU
		{6C4D4A81-61E0-4C99-AF09-489B2C4D1DFB}.Crick Release|x86.ActiveCfg = Release|Any CPU
		{6C4D4A81-61E0-4C99-AF09-489B2C4D1DFB}.Debug|Any CPU.ActiveCfg = Debug|Any CPU
		{6C4D4A81-61E0-4C99-AF09-489B2C4D1DFB}.Debug|Any CPU.Build.0 = Debug|Any CPU
		{6C4D4A81-61E0-4C99-AF09-489B2C4D1DFB}.Debug|Mixed Platforms.ActiveCfg = Debug|Any CPU
		{6C4D4A81-61E0-4C99-AF09-489B2C4D1DFB}.Debug|Mixed Platforms.Build.0 = Debug|Any CPU
		{6C4D4A81-61E0-4C99-AF09-489B2C4D1DFB}.Debug|x86.ActiveCfg = Debug|Any CPU
		{6C4D4A81-61E0-4C99-AF09-489B2C4D1DFB}.Release|Any CPU.ActiveCfg = Release|Any CPU
		{6C4D4A81-61E0-4C99-AF09-489B2C4D1DFB}.Release|Any CPU.Build.0 = Release|Any CPU
		{6C4D4A81-61E0-4C99-AF09-489B2C4D1DFB}.Release|Mixed Platforms.ActiveCfg = Release|Any CPU
		{6C4D4A81-61E0-4C99-AF09-489B2C4D1DFB}.Release|Mixed Platforms.Build.0 = Release|Any CPU
		{6C4D4A81-61E0-4C99-AF09-489B2C4D1DFB}.Release|x86.ActiveCfg = Release|Any CPU
		{6C4D4A81-61E0-4C99-AF09-489B2C4D1DFB}.TestRelease|Any CPU.ActiveCfg = TestRelease|Any CPU
		{6C4D4A81-61E0-4C99-AF09-489B2C4D1DFB}.TestRelease|Any CPU.Build.0 = TestRelease|Any CPU
		{6C4D4A81-61E0-4C99-AF09-489B2C4D1DFB}.TestRelease|Mixed Platforms.ActiveCfg = TestRelease|Any CPU
		{6C4D4A81-61E0-4C99-AF09-489B2C4D1DFB}.TestRelease|Mixed Platforms.Build.0 = TestRelease|Any CPU
		{6C4D4A81-61E0-4C99-AF09-489B2C4D1DFB}.TestRelease|x86.ActiveCfg = TestRelease|Any CPU
		{31C023B9-11D3-48DB-9F54-0C45E59ADE50}.Crick Release|Any CPU.ActiveCfg = Release|x86
		{31C023B9-11D3-48DB-9F54-0C45E59ADE50}.Crick Release|Mixed Platforms.ActiveCfg = Release|x86
		{31C023B9-11D3-48DB-9F54-0C45E59ADE50}.Crick Release|Mixed Platforms.Build.0 = Release|x86
		{31C023B9-11D3-48DB-9F54-0C45E59ADE50}.Crick Release|x86.ActiveCfg = Release|x86
		{31C023B9-11D3-48DB-9F54-0C45E59ADE50}.Crick Release|x86.Build.0 = Release|x86
		{31C023B9-11D3-48DB-9F54-0C45E59ADE50}.Debug|Any CPU.ActiveCfg = Debug|x86
		{31C023B9-11D3-48DB-9F54-0C45E59ADE50}.Debug|Mixed Platforms.ActiveCfg = Debug|x86
		{31C023B9-11D3-48DB-9F54-0C45E59ADE50}.Debug|Mixed Platforms.Build.0 = Debug|x86
		{31C023B9-11D3-48DB-9F54-0C45E59ADE50}.Debug|x86.ActiveCfg = Debug|x86
		{31C023B9-11D3-48DB-9F54-0C45E59ADE50}.Debug|x86.Build.0 = Debug|x86
		{31C023B9-11D3-48DB-9F54-0C45E59ADE50}.Release|Any CPU.ActiveCfg = Release|x86
		{31C023B9-11D3-48DB-9F54-0C45E59ADE50}.Release|Mixed Platforms.ActiveCfg = Release|x86
		{31C023B9-11D3-48DB-9F54-0C45E59ADE50}.Release|Mixed Platforms.Build.0 = Release|x86
		{31C023B9-11D3-48DB-9F54-0C45E59ADE50}.Release|x86.ActiveCfg = Release|x86
		{31C023B9-11D3-48DB-9F54-0C45E59ADE50}.Release|x86.Build.0 = Release|x86
		{31C023B9-11D3-48DB-9F54-0C45E59ADE50}.TestRelease|Any CPU.ActiveCfg = Release|x86
		{31C023B9-11D3-48DB-9F54-0C45E59ADE50}.TestRelease|Mixed Platforms.ActiveCfg = Release|x86
		{31C023B9-11D3-48DB-9F54-0C45E59ADE50}.TestRelease|Mixed Platforms.Build.0 = Release|x86
		{31C023B9-11D3-48DB-9F54-0C45E59ADE50}.TestRelease|x86.ActiveCfg = Release|x86
		{31C023B9-11D3-48DB-9F54-0C45E59ADE50}.TestRelease|x86.Build.0 = Release|x86
		{7FF8B046-1A2D-4087-ADAA-7B51A2C213AD}.Crick Release|Any CPU.ActiveCfg = Release|x86
		{7FF8B046-1A2D-4087-ADAA-7B51A2C213AD}.Crick Release|Mixed Platforms.ActiveCfg = Release|x86
		{7FF8B046-1A2D-4087-ADAA-7B51A2C213AD}.Crick Release|Mixed Platforms.Build.0 = Release|x86
		{7FF8B046-1A2D-4087-ADAA-7B51A2C213AD}.Crick Release|x86.ActiveCfg = Release|x86
		{7FF8B046-1A2D-4087-ADAA-7B51A2C213AD}.Crick Release|x86.Build.0 = Release|x86
		{7FF8B046-1A2D-4087-ADAA-7B51A2C213AD}.Debug|Any CPU.ActiveCfg = Debug|x86
		{7FF8B046-1A2D-4087-ADAA-7B51A2C213AD}.Debug|Mixed Platforms.ActiveCfg = Debug|x86
		{7FF8B046-1A2D-4087-ADAA-7B51A2C213AD}.Debug|Mixed Platforms.Build.0 = Debug|x86
		{7FF8B046-1A2D-4087-ADAA-7B51A2C213AD}.Debug|x86.ActiveCfg = Debug|x86
		{7FF8B046-1A2D-4087-ADAA-7B51A2C213AD}.Debug|x86.Build.0 = Debug|x86
		{7FF8B046-1A2D-4087-ADAA-7B51A2C213AD}.Release|Any CPU.ActiveCfg = Release|x86
		{7FF8B046-1A2D-4087-ADAA-7B51A2C213AD}.Release|Mixed Platforms.ActiveCfg = Release|x86
		{7FF8B046-1A2D-4087-ADAA-7B51A2C213AD}.Release|Mixed Platforms.Build.0 = Release|x86
		{7FF8B046-1A2D-4087-ADAA-7B51A2C213AD}.Release|x86.ActiveCfg = Release|x86
		{7FF8B046-1A2D-4087-ADAA-7B51A2C213AD}.Release|x86.Build.0 = Release|x86
		{7FF8B046-1A2D-4087-ADAA-7B51A2C213AD}.TestRelease|Any CPU.ActiveCfg = Release|x86
		{7FF8B046-1A2D-4087-ADAA-7B51A2C213AD}.TestRelease|Mixed Platforms.ActiveCfg = Release|x86
		{7FF8B046-1A2D-4087-ADAA-7B51A2C213AD}.TestRelease|Mixed Platforms.Build.0 = Release|x86
		{7FF8B046-1A2D-4087-ADAA-7B51A2C213AD}.TestRelease|x86.ActiveCfg = Release|x86
		{7FF8B046-1A2D-4087-ADAA-7B51A2C213AD}.TestRelease|x86.Build.0 = Release|x86
		{23C19168-CC75-44FD-9B19-0FF83397DF76}.Crick Release|Any CPU.ActiveCfg = Release|Any CPU
		{23C19168-CC75-44FD-9B19-0FF83397DF76}.Crick Release|Any CPU.Build.0 = Release|Any CPU
		{23C19168-CC75-44FD-9B19-0FF83397DF76}.Crick Release|Mixed Platforms.ActiveCfg = Release|Any CPU
		{23C19168-CC75-44FD-9B19-0FF83397DF76}.Crick Release|Mixed Platforms.Build.0 = Release|Any CPU
		{23C19168-CC75-44FD-9B19-0FF83397DF76}.Crick Release|x86.ActiveCfg = Release|Any CPU
		{23C19168-CC75-44FD-9B19-0FF83397DF76}.Debug|Any CPU.ActiveCfg = Debug|Any CPU
		{23C19168-CC75-44FD-9B19-0FF83397DF76}.Debug|Any CPU.Build.0 = Debug|Any CPU
		{23C19168-CC75-44FD-9B19-0FF83397DF76}.Debug|Mixed Platforms.ActiveCfg = Debug|Any CPU
		{23C19168-CC75-44FD-9B19-0FF83397DF76}.Debug|Mixed Platforms.Build.0 = Debug|Any CPU
		{23C19168-CC75-44FD-9B19-0FF83397DF76}.Debug|x86.ActiveCfg = Debug|Any CPU
		{23C19168-CC75-44FD-9B19-0FF83397DF76}.Release|Any CPU.ActiveCfg = Release|Any CPU
		{23C19168-CC75-44FD-9B19-0FF83397DF76}.Release|Any CPU.Build.0 = Release|Any CPU
		{23C19168-CC75-44FD-9B19-0FF83397DF76}.Release|Mixed Platforms.ActiveCfg = Release|Any CPU
		{23C19168-CC75-44FD-9B19-0FF83397DF76}.Release|Mixed Platforms.Build.0 = Release|Any CPU
		{23C19168-CC75-44FD-9B19-0FF83397DF76}.Release|x86.ActiveCfg = Release|Any CPU
		{23C19168-CC75-44FD-9B19-0FF83397DF76}.TestRelease|Any CPU.ActiveCfg = Release|Any CPU
		{23C19168-CC75-44FD-9B19-0FF83397DF76}.TestRelease|Any CPU.Build.0 = Release|Any CPU
		{23C19168-CC75-44FD-9B19-0FF83397DF76}.TestRelease|Mixed Platforms.ActiveCfg = Release|Any CPU
		{23C19168-CC75-44FD-9B19-0FF83397DF76}.TestRelease|Mixed Platforms.Build.0 = Release|Any CPU
		{23C19168-CC75-44FD-9B19-0FF83397DF76}.TestRelease|x86.ActiveCfg = Release|Any CPU
		{B9241A61-FF70-4660-93EB-8968B054BA1B}.Crick Release|Any CPU.ActiveCfg = Release|Any CPU
		{B9241A61-FF70-4660-93EB-8968B054BA1B}.Crick Release|Any CPU.Build.0 = Release|Any CPU
		{B9241A61-FF70-4660-93EB-8968B054BA1B}.Crick Release|Mixed Platforms.ActiveCfg = Release|Any CPU
		{B9241A61-FF70-4660-93EB-8968B054BA1B}.Crick Release|Mixed Platforms.Build.0 = Release|Any CPU
		{B9241A61-FF70-4660-93EB-8968B054BA1B}.Crick Release|x86.ActiveCfg = Release|Any CPU
		{B9241A61-FF70-4660-93EB-8968B054BA1B}.Debug|Any CPU.ActiveCfg = Debug|Any CPU
		{B9241A61-FF70-4660-93EB-8968B054BA1B}.Debug|Any CPU.Build.0 = Debug|Any CPU
		{B9241A61-FF70-4660-93EB-8968B054BA1B}.Debug|Mixed Platforms.ActiveCfg = Debug|Any CPU
		{B9241A61-FF70-4660-93EB-8968B054BA1B}.Debug|Mixed Platforms.Build.0 = Debug|Any CPU
		{B9241A61-FF70-4660-93EB-8968B054BA1B}.Debug|x86.ActiveCfg = Debug|Any CPU
		{B9241A61-FF70-4660-93EB-8968B054BA1B}.Release|Any CPU.ActiveCfg = Release|Any CPU
		{B9241A61-FF70-4660-93EB-8968B054BA1B}.Release|Any CPU.Build.0 = Release|Any CPU
		{B9241A61-FF70-4660-93EB-8968B054BA1B}.Release|Mixed Platforms.ActiveCfg = Release|Any CPU
		{B9241A61-FF70-4660-93EB-8968B054BA1B}.Release|Mixed Platforms.Build.0 = Release|Any CPU
		{B9241A61-FF70-4660-93EB-8968B054BA1B}.Release|x86.ActiveCfg = Release|Any CPU
		{B9241A61-FF70-4660-93EB-8968B054BA1B}.TestRelease|Any CPU.ActiveCfg = Release|Any CPU
		{B9241A61-FF70-4660-93EB-8968B054BA1B}.TestRelease|Any CPU.Build.0 = Release|Any CPU
		{B9241A61-FF70-4660-93EB-8968B054BA1B}.TestRelease|Mixed Platforms.ActiveCfg = Release|Any CPU
		{B9241A61-FF70-4660-93EB-8968B054BA1B}.TestRelease|Mixed Platforms.Build.0 = Release|Any CPU
		{B9241A61-FF70-4660-93EB-8968B054BA1B}.TestRelease|x86.ActiveCfg = Release|Any CPU
		{681BBE09-1A32-486B-8308-FE7B3D79128D}.Crick Release|Any CPU.ActiveCfg = Release|x86
		{681BBE09-1A32-486B-8308-FE7B3D79128D}.Crick Release|Mixed Platforms.ActiveCfg = Release|x86
		{681BBE09-1A32-486B-8308-FE7B3D79128D}.Crick Release|Mixed Platforms.Build.0 = Release|x86
		{681BBE09-1A32-486B-8308-FE7B3D79128D}.Crick Release|x86.ActiveCfg = Release|x86
		{681BBE09-1A32-486B-8308-FE7B3D79128D}.Crick Release|x86.Build.0 = Release|x86
		{681BBE09-1A32-486B-8308-FE7B3D79128D}.Debug|Any CPU.ActiveCfg = Debug|x86
		{681BBE09-1A32-486B-8308-FE7B3D79128D}.Debug|Mixed Platforms.ActiveCfg = Debug|x86
		{681BBE09-1A32-486B-8308-FE7B3D79128D}.Debug|Mixed Platforms.Build.0 = Debug|x86
		{681BBE09-1A32-486B-8308-FE7B3D79128D}.Debug|x86.ActiveCfg = Debug|x86
		{681BBE09-1A32-486B-8308-FE7B3D79128D}.Debug|x86.Build.0 = Debug|x86
		{681BBE09-1A32-486B-8308-FE7B3D79128D}.Release|Any CPU.ActiveCfg = Release|x86
		{681BBE09-1A32-486B-8308-FE7B3D79128D}.Release|Mixed Platforms.ActiveCfg = Release|x86
		{681BBE09-1A32-486B-8308-FE7B3D79128D}.Release|Mixed Platforms.Build.0 = Release|x86
		{681BBE09-1A32-486B-8308-FE7B3D79128D}.Release|x86.ActiveCfg = Release|x86
		{681BBE09-1A32-486B-8308-FE7B3D79128D}.Release|x86.Build.0 = Release|x86
		{681BBE09-1A32-486B-8308-FE7B3D79128D}.TestRelease|Any CPU.ActiveCfg = Release|x86
		{681BBE09-1A32-486B-8308-FE7B3D79128D}.TestRelease|Mixed Platforms.ActiveCfg = Release|x86
		{681BBE09-1A32-486B-8308-FE7B3D79128D}.TestRelease|Mixed Platforms.Build.0 = Release|x86
		{681BBE09-1A32-486B-8308-FE7B3D79128D}.TestRelease|x86.ActiveCfg = Release|x86
		{681BBE09-1A32-486B-8308-FE7B3D79128D}.TestRelease|x86.Build.0 = Release|x86
		{2E294254-B871-4AEE-8C97-19AE042121C7}.Crick Release|Any CPU.ActiveCfg = Release|x86
		{2E294254-B871-4AEE-8C97-19AE042121C7}.Crick Release|Mixed Platforms.ActiveCfg = Release|x86
		{2E294254-B871-4AEE-8C97-19AE042121C7}.Crick Release|Mixed Platforms.Build.0 = Release|x86
		{2E294254-B871-4AEE-8C97-19AE042121C7}.Crick Release|x86.ActiveCfg = Release|x86
		{2E294254-B871-4AEE-8C97-19AE042121C7}.Crick Release|x86.Build.0 = Release|x86
		{2E294254-B871-4AEE-8C97-19AE042121C7}.Debug|Any CPU.ActiveCfg = Debug|x86
		{2E294254-B871-4AEE-8C97-19AE042121C7}.Debug|Mixed Platforms.ActiveCfg = Debug|x86
		{2E294254-B871-4AEE-8C97-19AE042121C7}.Debug|Mixed Platforms.Build.0 = Debug|x86
		{2E294254-B871-4AEE-8C97-19AE042121C7}.Debug|x86.ActiveCfg = Debug|x86
		{2E294254-B871-4AEE-8C97-19AE042121C7}.Debug|x86.Build.0 = Debug|x86
		{2E294254-B871-4AEE-8C97-19AE042121C7}.Release|Any CPU.ActiveCfg = Release|x86
		{2E294254-B871-4AEE-8C97-19AE042121C7}.Release|Mixed Platforms.ActiveCfg = Release|x86
		{2E294254-B871-4AEE-8C97-19AE042121C7}.Release|Mixed Platforms.Build.0 = Release|x86
		{2E294254-B871-4AEE-8C97-19AE042121C7}.Release|x86.ActiveCfg = Release|x86
		{2E294254-B871-4AEE-8C97-19AE042121C7}.Release|x86.Build.0 = Release|x86
		{2E294254-B871-4AEE-8C97-19AE042121C7}.TestRelease|Any CPU.ActiveCfg = Release|x86
		{2E294254-B871-4AEE-8C97-19AE042121C7}.TestRelease|Mixed Platforms.ActiveCfg = Release|x86
		{2E294254-B871-4AEE-8C97-19AE042121C7}.TestRelease|Mixed Platforms.Build.0 = Release|x86
		{2E294254-B871-4AEE-8C97-19AE042121C7}.TestRelease|x86.ActiveCfg = Release|x86
		{2E294254-B871-4AEE-8C97-19AE042121C7}.TestRelease|x86.Build.0 = Release|x86
	EndGlobalSection
	GlobalSection(SolutionProperties) = preSolution
		HideSolutionNode = FALSE
	EndGlobalSection
EndGlobal
