
Microsoft Visual Studio Solution File, Format Version 11.00
# Visual Studio 2010
Project("{FAE04EC0-301F-11D3-BF4B-00C04F79EFBC}") = "CorrCell", "CorrCell\CorrCell.csproj", "{8CA7F078-5ACB-44AF-982C-FAB521229939}"
EndProject
Project("{FAE04EC0-301F-11D3-BF4B-00C04F79EFBC}") = "Linnarsson.Mathematics", "..\MathLib\Linnarsson.Mathematics.csproj", "{CA6815A6-BA36-47A6-A177-FE6C44099FC2}"
EndProject
Project("{FAE04EC0-301F-11D3-BF4B-00C04F79EFBC}") = "Linnarsson.Utilities", "..\UtilitiesLib\Linnarsson.Utilities.csproj", "{EE3E20A0-525F-408B-96F7-44D586F8E0B9}"
EndProject
Global
	GlobalSection(SolutionConfigurationPlatforms) = preSolution
		Crick Release|Any CPU = Crick Release|Any CPU
		Crick Release|Mixed Platforms = Crick Release|Mixed Platforms
		Crick Release|x86 = Crick Release|x86
		Debug|Any CPU = Debug|Any CPU
		Debug|Mixed Platforms = Debug|Mixed Platforms
		Debug|x86 = Debug|x86
		Release|Any CPU = Release|Any CPU
		Release|Mixed Platforms = Release|Mixed Platforms
		Release|x86 = Release|x86
		TestRelease|Any CPU = TestRelease|Any CPU
		TestRelease|Mixed Platforms = TestRelease|Mixed Platforms
		TestRelease|x86 = TestRelease|x86
	EndGlobalSection
	GlobalSection(ProjectConfigurationPlatforms) = postSolution
		{8CA7F078-5ACB-44AF-982C-FAB521229939}.Crick Release|Any CPU.ActiveCfg = Release|x86
		{8CA7F078-5ACB-44AF-982C-FAB521229939}.Crick Release|Mixed Platforms.ActiveCfg = Release|x86
		{8CA7F078-5ACB-44AF-982C-FAB521229939}.Crick Release|Mixed Platforms.Build.0 = Release|x86
		{8CA7F078-5ACB-44AF-982C-FAB521229939}.Crick Release|x86.ActiveCfg = Release|x86
		{8CA7F078-5ACB-44AF-982C-FAB521229939}.Crick Release|x86.Build.0 = Release|x86
		{8CA7F078-5ACB-44AF-982C-FAB521229939}.Debug|Any CPU.ActiveCfg = Debug|x86
		{8CA7F078-5ACB-44AF-982C-FAB521229939}.Debug|Mixed Platforms.ActiveCfg = Debug|x86
		{8CA7F078-5ACB-44AF-982C-FAB521229939}.Debug|Mixed Platforms.Build.0 = Debug|x86
		{8CA7F078-5ACB-44AF-982C-FAB521229939}.Debug|x86.ActiveCfg = Debug|x86
		{8CA7F078-5ACB-44AF-982C-FAB521229939}.Debug|x86.Build.0 = Debug|x86
		{8CA7F078-5ACB-44AF-982C-FAB521229939}.Release|Any CPU.ActiveCfg = Release|x86
		{8CA7F078-5ACB-44AF-982C-FAB521229939}.Release|Mixed Platforms.ActiveCfg = Release|x86
		{8CA7F078-5ACB-44AF-982C-FAB521229939}.Release|Mixed Platforms.Build.0 = Release|x86
		{8CA7F078-5ACB-44AF-982C-FAB521229939}.Release|x86.ActiveCfg = Release|x86
		{8CA7F078-5ACB-44AF-982C-FAB521229939}.Release|x86.Build.0 = Release|x86
		{8CA7F078-5ACB-44AF-982C-FAB521229939}.TestRelease|Any CPU.ActiveCfg = Release|x86
		{8CA7F078-5ACB-44AF-982C-FAB521229939}.TestRelease|Mixed Platforms.ActiveCfg = Release|x86
		{8CA7F078-5ACB-44AF-982C-FAB521229939}.TestRelease|Mixed Platforms.Build.0 = Release|x86
		{8CA7F078-5ACB-44AF-982C-FAB521229939}.TestRelease|x86.ActiveCfg = Release|x86
		{8CA7F078-5ACB-44AF-982C-FAB521229939}.TestRelease|x86.Build.0 = Release|x86
		{CA6815A6-BA36-47A6-A177-FE6C44099FC2}.Crick Release|Any CPU.ActiveCfg = Crick Release|Any CPU
		{CA6815A6-BA36-47A6-A177-FE6C44099FC2}.Crick Release|Any CPU.Build.0 = Crick Release|Any CPU
		{CA6815A6-BA36-47A6-A177-FE6C44099FC2}.Crick Release|Mixed Platforms.ActiveCfg = Crick Release|Any CPU
		{CA6815A6-BA36-47A6-A177-FE6C44099FC2}.Crick Release|Mixed Platforms.Build.0 = Crick Release|Any CPU
		{CA6815A6-BA36-47A6-A177-FE6C44099FC2}.Crick Release|x86.ActiveCfg = Crick Release|Any CPU
		{CA6815A6-BA36-47A6-A177-FE6C44099FC2}.Debug|Any CPU.ActiveCfg = Debug|Any CPU
		{CA6815A6-BA36-47A6-A177-FE6C44099FC2}.Debug|Any CPU.Build.0 = Debug|Any CPU
		{CA6815A6-BA36-47A6-A177-FE6C44099FC2}.Debug|Mixed Platforms.ActiveCfg = Debug|Any CPU
		{CA6815A6-BA36-47A6-A177-FE6C44099FC2}.Debug|Mixed Platforms.Build.0 = Debug|Any CPU
		{CA6815A6-BA36-47A6-A177-FE6C44099FC2}.Debug|x86.ActiveCfg = Debug|Any CPU
		{CA6815A6-BA36-47A6-A177-FE6C44099FC2}.Release|Any CPU.ActiveCfg = Release|Any CPU
		{CA6815A6-BA36-47A6-A177-FE6C44099FC2}.Release|Any CPU.Build.0 = Release|Any CPU
		{CA6815A6-BA36-47A6-A177-FE6C44099FC2}.Release|Mixed Platforms.ActiveCfg = Release|Any CPU
		{CA6815A6-BA36-47A6-A177-FE6C44099FC2}.Release|Mixed Platforms.Build.0 = Release|Any CPU
		{CA6815A6-BA36-47A6-A177-FE6C44099FC2}.Release|x86.ActiveCfg = Release|Any CPU
		{CA6815A6-BA36-47A6-A177-FE6C44099FC2}.TestRelease|Any CPU.ActiveCfg = TestRelease|Any CPU
		{CA6815A6-BA36-47A6-A177-FE6C44099FC2}.TestRelease|Any CPU.Build.0 = TestRelease|Any CPU
		{CA6815A6-BA36-47A6-A177-FE6C44099FC2}.TestRelease|Mixed Platforms.ActiveCfg = TestRelease|Any CPU
		{CA6815A6-BA36-47A6-A177-FE6C44099FC2}.TestRelease|Mixed Platforms.Build.0 = TestRelease|Any CPU
		{CA6815A6-BA36-47A6-A177-FE6C44099FC2}.TestRelease|x86.ActiveCfg = TestRelease|Any CPU
		{EE3E20A0-525F-408B-96F7-44D586F8E0B9}.Crick Release|Any CPU.ActiveCfg = Crick Release|Any CPU
		{EE3E20A0-525F-408B-96F7-44D586F8E0B9}.Crick Release|Any CPU.Build.0 = Crick Release|Any CPU
		{EE3E20A0-525F-408B-96F7-44D586F8E0B9}.Crick Release|Mixed Platforms.ActiveCfg = Crick Release|Any CPU
		{EE3E20A0-525F-408B-96F7-44D586F8E0B9}.Crick Release|Mixed Platforms.Build.0 = Crick Release|Any CPU
		{EE3E20A0-525F-408B-96F7-44D586F8E0B9}.Crick Release|x86.ActiveCfg = Crick Release|Any CPU
		{EE3E20A0-525F-408B-96F7-44D586F8E0B9}.Debug|Any CPU.ActiveCfg = Debug|Any CPU
		{EE3E20A0-525F-408B-96F7-44D586F8E0B9}.Debug|Any CPU.Build.0 = Debug|Any CPU
		{EE3E20A0-525F-408B-96F7-44D586F8E0B9}.Debug|Mixed Platforms.ActiveCfg = Debug|Any CPU
		{EE3E20A0-525F-408B-96F7-44D586F8E0B9}.Debug|Mixed Platforms.Build.0 = Debug|Any CPU
		{EE3E20A0-525F-408B-96F7-44D586F8E0B9}.Debug|x86.ActiveCfg = Debug|Any CPU
		{EE3E20A0-525F-408B-96F7-44D586F8E0B9}.Release|Any CPU.ActiveCfg = Release|Any CPU
		{EE3E20A0-525F-408B-96F7-44D586F8E0B9}.Release|Any CPU.Build.0 = Release|Any CPU
		{EE3E20A0-525F-408B-96F7-44D586F8E0B9}.Release|Mixed Platforms.ActiveCfg = Release|Any CPU
		{EE3E20A0-525F-408B-96F7-44D586F8E0B9}.Release|Mixed Platforms.Build.0 = Release|Any CPU
		{EE3E20A0-525F-408B-96F7-44D586F8E0B9}.Release|x86.ActiveCfg = Release|Any CPU
		{EE3E20A0-525F-408B-96F7-44D586F8E0B9}.TestRelease|Any CPU.ActiveCfg = TestRelease|Any CPU
		{EE3E20A0-525F-408B-96F7-44D586F8E0B9}.TestRelease|Any CPU.Build.0 = TestRelease|Any CPU
		{EE3E20A0-525F-408B-96F7-44D586F8E0B9}.TestRelease|Mixed Platforms.ActiveCfg = TestRelease|Any CPU
		{EE3E20A0-525F-408B-96F7-44D586F8E0B9}.TestRelease|Mixed Platforms.Build.0 = TestRelease|Any CPU
		{EE3E20A0-525F-408B-96F7-44D586F8E0B9}.TestRelease|x86.ActiveCfg = TestRelease|Any CPU
	EndGlobalSection
	GlobalSection(SolutionProperties) = preSolution
		HideSolutionNode = FALSE
	EndGlobalSection
EndGlobal
