
Microsoft Visual Studio Solution File, Format Version 10.00
# Visual Studio 2008
Project("{FAE04EC0-301F-11D3-BF4B-00C04F79EFBC}") = "Linnarsson.Dna", "Linnarsson.Dna.csproj", "{70EA71CD-073B-4195-B04F-36A7F6B1D4E7}"
EndProject
Project("{FAE04EC0-301F-11D3-BF4B-00C04F79EFBC}") = "GetFastQ", "..\GetFastQ\GetFastQ.csproj", "{5C907F23-5B05-480B-BE1A-95FAAA3AE531}"
EndProject
Project("{FAE04EC0-301F-11D3-BF4B-00C04F79EFBC}") = "Linnarsson.Utilities", "..\UtilitiesLib\Linnarsson.Utilities.csproj", "{EE3E20A0-525F-408B-96F7-44D586F8E0B9}"
EndProject
Project("{FAE04EC0-301F-11D3-BF4B-00C04F79EFBC}") = "Linnarsson.Mathematics", "..\MathLib\Linnarsson.Mathematics.csproj", "{CA6815A6-BA36-47A6-A177-FE6C44099FC2}"
EndProject
Global
	GlobalSection(SourceCodeControl) = preSolution
		SccNumberOfProjects = 5
		SccLocalPath0 = .
		SccProjectUniqueName1 = Linnarsson.Dna.csproj
		SccLocalPath1 = .
		SccProjectUniqueName2 = ..\\UtilitiesLib\\Linnarsson.Utilities.csproj
		SccLocalPath2 = ..\\UtilitiesLib
		SccProjectUniqueName3 = ..\\MathLib\\Linnarsson.Mathematics.csproj
		SccLocalPath3 = ..\\MathLib
		SccProjectUniqueName4 = ..\\GetFastQ\\GetFastQ.csproj
		SccLocalPath4 = ..\\GetFastQ
	EndGlobalSection
	GlobalSection(SolutionConfigurationPlatforms) = preSolution
		Debug|Any CPU = Debug|Any CPU
		Release|Any CPU = Release|Any CPU
		TestRelease|Any CPU = TestRelease|Any CPU
	EndGlobalSection
	GlobalSection(ProjectConfigurationPlatforms) = postSolution
		{70EA71CD-073B-4195-B04F-36A7F6B1D4E7}.Debug|Any CPU.ActiveCfg = Debug|Any CPU
		{70EA71CD-073B-4195-B04F-36A7F6B1D4E7}.Debug|Any CPU.Build.0 = Debug|Any CPU
		{70EA71CD-073B-4195-B04F-36A7F6B1D4E7}.Release|Any CPU.ActiveCfg = Release|Any CPU
		{70EA71CD-073B-4195-B04F-36A7F6B1D4E7}.Release|Any CPU.Build.0 = Release|Any CPU
		{70EA71CD-073B-4195-B04F-36A7F6B1D4E7}.TestRelease|Any CPU.ActiveCfg = TestRelease|Any CPU
		{70EA71CD-073B-4195-B04F-36A7F6B1D4E7}.TestRelease|Any CPU.Build.0 = TestRelease|Any CPU
		{5C907F23-5B05-480B-BE1A-95FAAA3AE531}.Debug|Any CPU.ActiveCfg = Debug|Any CPU
		{5C907F23-5B05-480B-BE1A-95FAAA3AE531}.Debug|Any CPU.Build.0 = Debug|Any CPU
		{5C907F23-5B05-480B-BE1A-95FAAA3AE531}.Release|Any CPU.ActiveCfg = Release|Any CPU
		{5C907F23-5B05-480B-BE1A-95FAAA3AE531}.Release|Any CPU.Build.0 = Release|Any CPU
		{5C907F23-5B05-480B-BE1A-95FAAA3AE531}.TestRelease|Any CPU.ActiveCfg = Release|Any CPU
		{5C907F23-5B05-480B-BE1A-95FAAA3AE531}.TestRelease|Any CPU.Build.0 = Release|Any CPU
		{EE3E20A0-525F-408B-96F7-44D586F8E0B9}.Debug|Any CPU.ActiveCfg = Debug|Any CPU
		{EE3E20A0-525F-408B-96F7-44D586F8E0B9}.Debug|Any CPU.Build.0 = Debug|Any CPU
		{EE3E20A0-525F-408B-96F7-44D586F8E0B9}.Release|Any CPU.ActiveCfg = Release|Any CPU
		{EE3E20A0-525F-408B-96F7-44D586F8E0B9}.Release|Any CPU.Build.0 = Release|Any CPU
		{EE3E20A0-525F-408B-96F7-44D586F8E0B9}.TestRelease|Any CPU.ActiveCfg = TestRelease|Any CPU
		{EE3E20A0-525F-408B-96F7-44D586F8E0B9}.TestRelease|Any CPU.Build.0 = TestRelease|Any CPU
		{CA6815A6-BA36-47A6-A177-FE6C44099FC2}.Debug|Any CPU.ActiveCfg = Debug|Any CPU
		{CA6815A6-BA36-47A6-A177-FE6C44099FC2}.Debug|Any CPU.Build.0 = Debug|Any CPU
		{CA6815A6-BA36-47A6-A177-FE6C44099FC2}.Release|Any CPU.ActiveCfg = Release|Any CPU
		{CA6815A6-BA36-47A6-A177-FE6C44099FC2}.Release|Any CPU.Build.0 = Release|Any CPU
		{CA6815A6-BA36-47A6-A177-FE6C44099FC2}.TestRelease|Any CPU.ActiveCfg = TestRelease|Any CPU
		{CA6815A6-BA36-47A6-A177-FE6C44099FC2}.TestRelease|Any CPU.Build.0 = TestRelease|Any CPU
	EndGlobalSection
	GlobalSection(SolutionProperties) = preSolution
		HideSolutionNode = FALSE
	EndGlobalSection
EndGlobal
